
Microsoft Visual Studio Solution File, Format Version 12.00
# Visual Studio 15
VisualStudioVersion = 15.0.27004.2009
MinimumVisualStudioVersion = 10.0.40219.1
Project("{FAE04EC0-301F-11D3-BF4B-00C04F79EFBC}") = "FirebasePushSplashSample.Android", "FirebasePushSplashSample.Android\FirebasePushSplashSample.Android.csproj", "{75C55F10-DDD8-41B7-BC31-AB85DBA690A3}"
EndProject
Project("{FAE04EC0-301F-11D3-BF4B-00C04F79EFBC}") = "FirebasePushSplashSample", "FirebasePushSplashSample\FirebasePushSplashSample.csproj", "{8C55EC4D-EA67-4D76-9B42-B98AE2328F40}"
EndProject
Project("{FAE04EC0-301F-11D3-BF4B-00C04F79EFBC}") = "FirebasePushSplashSample.iOS", "FirebasePushSplashSample.iOS\FirebasePushSplashSample.iOS.csproj", "{2AC3FF18-5906-4B93-B22A-E9CF9568B0BB}"
EndProject
Global
	GlobalSection(SolutionConfigurationPlatforms) = preSolution
		Ad-Hoc|Any CPU = Ad-Hoc|Any CPU
		Ad-Hoc|ARM = Ad-Hoc|ARM
		Ad-Hoc|iPhone = Ad-Hoc|iPhone
		Ad-Hoc|iPhoneSimulator = Ad-Hoc|iPhoneSimulator
		Ad-Hoc|x64 = Ad-Hoc|x64
		Ad-Hoc|x86 = Ad-Hoc|x86
		AppStore|Any CPU = AppStore|Any CPU
		AppStore|ARM = AppStore|ARM
		AppStore|iPhone = AppStore|iPhone
		AppStore|iPhoneSimulator = AppStore|iPhoneSimulator
		AppStore|x64 = AppStore|x64
		AppStore|x86 = AppStore|x86
		Debug|Any CPU = Debug|Any CPU
		Debug|ARM = Debug|ARM
		Debug|iPhone = Debug|iPhone
		Debug|iPhoneSimulator = Debug|iPhoneSimulator
		Debug|x64 = Debug|x64
		Debug|x86 = Debug|x86
		Release|Any CPU = Release|Any CPU
		Release|ARM = Release|ARM
		Release|iPhone = Release|iPhone
		Release|iPhoneSimulator = Release|iPhoneSimulator
		Release|x64 = Release|x64
		Release|x86 = Release|x86
	EndGlobalSection
	GlobalSection(ProjectConfigurationPlatforms) = postSolution
		{75C55F10-DDD8-41B7-BC31-AB85DBA690A3}.Ad-Hoc|Any CPU.ActiveCfg = Release|Any CPU
		{75C55F10-DDD8-41B7-BC31-AB85DBA690A3}.Ad-Hoc|Any CPU.Build.0 = Release|Any CPU
		{75C55F10-DDD8-41B7-BC31-AB85DBA690A3}.Ad-Hoc|Any CPU.Deploy.0 = Release|Any CPU
		{75C55F10-DDD8-41B7-BC31-AB85DBA690A3}.Ad-Hoc|ARM.ActiveCfg = Release|Any CPU
		{75C55F10-DDD8-41B7-BC31-AB85DBA690A3}.Ad-Hoc|ARM.Build.0 = Release|Any CPU
		{75C55F10-DDD8-41B7-BC31-AB85DBA690A3}.Ad-Hoc|ARM.Deploy.0 = Release|Any CPU
		{75C55F10-DDD8-41B7-BC31-AB85DBA690A3}.Ad-Hoc|iPhone.ActiveCfg = Release|Any CPU
		{75C55F10-DDD8-41B7-BC31-AB85DBA690A3}.Ad-Hoc|iPhone.Build.0 = Release|Any CPU
		{75C55F10-DDD8-41B7-BC31-AB85DBA690A3}.Ad-Hoc|iPhone.Deploy.0 = Release|Any CPU
		{75C55F10-DDD8-41B7-BC31-AB85DBA690A3}.Ad-Hoc|iPhoneSimulator.ActiveCfg = Release|Any CPU
		{75C55F10-DDD8-41B7-BC31-AB85DBA690A3}.Ad-Hoc|iPhoneSimulator.Build.0 = Release|Any CPU
		{75C55F10-DDD8-41B7-BC31-AB85DBA690A3}.Ad-Hoc|iPhoneSimulator.Deploy.0 = Release|Any CPU
		{75C55F10-DDD8-41B7-BC31-AB85DBA690A3}.Ad-Hoc|x64.ActiveCfg = Release|Any CPU
		{75C55F10-DDD8-41B7-BC31-AB85DBA690A3}.Ad-Hoc|x64.Build.0 = Release|Any CPU
		{75C55F10-DDD8-41B7-BC31-AB85DBA690A3}.Ad-Hoc|x64.Deploy.0 = Release|Any CPU
		{75C55F10-DDD8-41B7-BC31-AB85DBA690A3}.Ad-Hoc|x86.ActiveCfg = Release|Any CPU
		{75C55F10-DDD8-41B7-BC31-AB85DBA690A3}.Ad-Hoc|x86.Build.0 = Release|Any CPU
		{75C55F10-DDD8-41B7-BC31-AB85DBA690A3}.Ad-Hoc|x86.Deploy.0 = Release|Any CPU
		{75C55F10-DDD8-41B7-BC31-AB85DBA690A3}.AppStore|Any CPU.ActiveCfg = Release|Any CPU
		{75C55F10-DDD8-41B7-BC31-AB85DBA690A3}.AppStore|Any CPU.Build.0 = Release|Any CPU
		{75C55F10-DDD8-41B7-BC31-AB85DBA690A3}.AppStore|Any CPU.Deploy.0 = Release|Any CPU
		{75C55F10-DDD8-41B7-BC31-AB85DBA690A3}.AppStore|ARM.ActiveCfg = Release|Any CPU
		{75C55F10-DDD8-41B7-BC31-AB85DBA690A3}.AppStore|ARM.Build.0 = Release|Any CPU
		{75C55F10-DDD8-41B7-BC31-AB85DBA690A3}.AppStore|ARM.Deploy.0 = Release|Any CPU
		{75C55F10-DDD8-41B7-BC31-AB85DBA690A3}.AppStore|iPhone.ActiveCfg = Release|Any CPU
		{75C55F10-DDD8-41B7-BC31-AB85DBA690A3}.AppStore|iPhone.Build.0 = Release|Any CPU
		{75C55F10-DDD8-41B7-BC31-AB85DBA690A3}.AppStore|iPhone.Deploy.0 = Release|Any CPU
		{75C55F10-DDD8-41B7-BC31-AB85DBA690A3}.AppStore|iPhoneSimulator.ActiveCfg = Release|Any CPU
		{75C55F10-DDD8-41B7-BC31-AB85DBA690A3}.AppStore|iPhoneSimulator.Build.0 = Release|Any CPU
		{75C55F10-DDD8-41B7-BC31-AB85DBA690A3}.AppStore|iPhoneSimulator.Deploy.0 = Release|Any CPU
		{75C55F10-DDD8-41B7-BC31-AB85DBA690A3}.AppStore|x64.ActiveCfg = Release|Any CPU
		{75C55F10-DDD8-41B7-BC31-AB85DBA690A3}.AppStore|x64.Build.0 = Release|Any CPU
		{75C55F10-DDD8-41B7-BC31-AB85DBA690A3}.AppStore|x64.Deploy.0 = Release|Any CPU
		{75C55F10-DDD8-41B7-BC31-AB85DBA690A3}.AppStore|x86.ActiveCfg = Release|Any CPU
		{75C55F10-DDD8-41B7-BC31-AB85DBA690A3}.AppStore|x86.Build.0 = Release|Any CPU
		{75C55F10-DDD8-41B7-BC31-AB85DBA690A3}.AppStore|x86.Deploy.0 = Release|Any CPU
		{75C55F10-DDD8-41B7-BC31-AB85DBA690A3}.Debug|Any CPU.ActiveCfg = Debug|Any CPU
		{75C55F10-DDD8-41B7-BC31-AB85DBA690A3}.Debug|Any CPU.Build.0 = Debug|Any CPU
		{75C55F10-DDD8-41B7-BC31-AB85DBA690A3}.Debug|Any CPU.Deploy.0 = Debug|Any CPU
		{75C55F10-DDD8-41B7-BC31-AB85DBA690A3}.Debug|ARM.ActiveCfg = Debug|Any CPU
		{75C55F10-DDD8-41B7-BC31-AB85DBA690A3}.Debug|ARM.Build.0 = Debug|Any CPU
		{75C55F10-DDD8-41B7-BC31-AB85DBA690A3}.Debug|ARM.Deploy.0 = Debug|Any CPU
		{75C55F10-DDD8-41B7-BC31-AB85DBA690A3}.Debug|iPhone.ActiveCfg = Debug|Any CPU
		{75C55F10-DDD8-41B7-BC31-AB85DBA690A3}.Debug|iPhone.Build.0 = Debug|Any CPU
		{75C55F10-DDD8-41B7-BC31-AB85DBA690A3}.Debug|iPhone.Deploy.0 = Debug|Any CPU
		{75C55F10-DDD8-41B7-BC31-AB85DBA690A3}.Debug|iPhoneSimulator.ActiveCfg = Debug|Any CPU
		{75C55F10-DDD8-41B7-BC31-AB85DBA690A3}.Debug|iPhoneSimulator.Build.0 = Debug|Any CPU
		{75C55F10-DDD8-41B7-BC31-AB85DBA690A3}.Debug|iPhoneSimulator.Deploy.0 = Debug|Any CPU
		{75C55F10-DDD8-41B7-BC31-AB85DBA690A3}.Debug|x64.ActiveCfg = Debug|Any CPU
		{75C55F10-DDD8-41B7-BC31-AB85DBA690A3}.Debug|x64.Build.0 = Debug|Any CPU
		{75C55F10-DDD8-41B7-BC31-AB85DBA690A3}.Debug|x64.Deploy.0 = Debug|Any CPU
		{75C55F10-DDD8-41B7-BC31-AB85DBA690A3}.Debug|x86.ActiveCfg = Debug|Any CPU
		{75C55F10-DDD8-41B7-BC31-AB85DBA690A3}.Debug|x86.Build.0 = Debug|Any CPU
		{75C55F10-DDD8-41B7-BC31-AB85DBA690A3}.Debug|x86.Deploy.0 = Debug|Any CPU
		{75C55F10-DDD8-41B7-BC31-AB85DBA690A3}.Release|Any CPU.ActiveCfg = Release|Any CPU
		{75C55F10-DDD8-41B7-BC31-AB85DBA690A3}.Release|Any CPU.Build.0 = Release|Any CPU
		{75C55F10-DDD8-41B7-BC31-AB85DBA690A3}.Release|Any CPU.Deploy.0 = Release|Any CPU
		{75C55F10-DDD8-41B7-BC31-AB85DBA690A3}.Release|ARM.ActiveCfg = Release|Any CPU
		{75C55F10-DDD8-41B7-BC31-AB85DBA690A3}.Release|ARM.Build.0 = Release|Any CPU
		{75C55F10-DDD8-41B7-BC31-AB85DBA690A3}.Release|ARM.Deploy.0 = Release|Any CPU
		{75C55F10-DDD8-41B7-BC31-AB85DBA690A3}.Release|iPhone.ActiveCfg = Release|Any CPU
		{75C55F10-DDD8-41B7-BC31-AB85DBA690A3}.Release|iPhone.Build.0 = Release|Any CPU
		{75C55F10-DDD8-41B7-BC31-AB85DBA690A3}.Release|iPhone.Deploy.0 = Release|Any CPU
		{75C55F10-DDD8-41B7-BC31-AB85DBA690A3}.Release|iPhoneSimulator.ActiveCfg = Release|Any CPU
		{75C55F10-DDD8-41B7-BC31-AB85DBA690A3}.Release|iPhoneSimulator.Build.0 = Release|Any CPU
		{75C55F10-DDD8-41B7-BC31-AB85DBA690A3}.Release|iPhoneSimulator.Deploy.0 = Release|Any CPU
		{75C55F10-DDD8-41B7-BC31-AB85DBA690A3}.Release|x64.ActiveCfg = Release|Any CPU
		{75C55F10-DDD8-41B7-BC31-AB85DBA690A3}.Release|x64.Build.0 = Release|Any CPU
		{75C55F10-DDD8-41B7-BC31-AB85DBA690A3}.Release|x64.Deploy.0 = Release|Any CPU
		{75C55F10-DDD8-41B7-BC31-AB85DBA690A3}.Release|x86.ActiveCfg = Release|Any CPU
		{75C55F10-DDD8-41B7-BC31-AB85DBA690A3}.Release|x86.Build.0 = Release|Any CPU
		{75C55F10-DDD8-41B7-BC31-AB85DBA690A3}.Release|x86.Deploy.0 = Release|Any CPU
		{8C55EC4D-EA67-4D76-9B42-B98AE2328F40}.Ad-Hoc|Any CPU.ActiveCfg = Release|Any CPU
		{8C55EC4D-EA67-4D76-9B42-B98AE2328F40}.Ad-Hoc|Any CPU.Build.0 = Release|Any CPU
		{8C55EC4D-EA67-4D76-9B42-B98AE2328F40}.Ad-Hoc|ARM.ActiveCfg = Release|Any CPU
		{8C55EC4D-EA67-4D76-9B42-B98AE2328F40}.Ad-Hoc|ARM.Build.0 = Release|Any CPU
		{8C55EC4D-EA67-4D76-9B42-B98AE2328F40}.Ad-Hoc|iPhone.ActiveCfg = Release|Any CPU
		{8C55EC4D-EA67-4D76-9B42-B98AE2328F40}.Ad-Hoc|iPhone.Build.0 = Release|Any CPU
		{8C55EC4D-EA67-4D76-9B42-B98AE2328F40}.Ad-Hoc|iPhoneSimulator.ActiveCfg = Release|Any CPU
		{8C55EC4D-EA67-4D76-9B42-B98AE2328F40}.Ad-Hoc|iPhoneSimulator.Build.0 = Release|Any CPU
		{8C55EC4D-EA67-4D76-9B42-B98AE2328F40}.Ad-Hoc|x64.ActiveCfg = Release|Any CPU
		{8C55EC4D-EA67-4D76-9B42-B98AE2328F40}.Ad-Hoc|x64.Build.0 = Release|Any CPU
		{8C55EC4D-EA67-4D76-9B42-B98AE2328F40}.Ad-Hoc|x86.ActiveCfg = Release|Any CPU
		{8C55EC4D-EA67-4D76-9B42-B98AE2328F40}.Ad-Hoc|x86.Build.0 = Release|Any CPU
		{8C55EC4D-EA67-4D76-9B42-B98AE2328F40}.AppStore|Any CPU.ActiveCfg = Release|Any CPU
		{8C55EC4D-EA67-4D76-9B42-B98AE2328F40}.AppStore|Any CPU.Build.0 = Release|Any CPU
		{8C55EC4D-EA67-4D76-9B42-B98AE2328F40}.AppStore|ARM.ActiveCfg = Release|Any CPU
		{8C55EC4D-EA67-4D76-9B42-B98AE2328F40}.AppStore|ARM.Build.0 = Release|Any CPU
		{8C55EC4D-EA67-4D76-9B42-B98AE2328F40}.AppStore|iPhone.ActiveCfg = Release|Any CPU
		{8C55EC4D-EA67-4D76-9B42-B98AE2328F40}.AppStore|iPhone.Build.0 = Release|Any CPU
		{8C55EC4D-EA67-4D76-9B42-B98AE2328F40}.AppStore|iPhoneSimulator.ActiveCfg = Release|Any CPU
		{8C55EC4D-EA67-4D76-9B42-B98AE2328F40}.AppStore|iPhoneSimulator.Build.0 = Release|Any CPU
		{8C55EC4D-EA67-4D76-9B42-B98AE2328F40}.AppStore|x64.ActiveCfg = Release|Any CPU
		{8C55EC4D-EA67-4D76-9B42-B98AE2328F40}.AppStore|x64.Build.0 = Release|Any CPU
		{8C55EC4D-EA67-4D76-9B42-B98AE2328F40}.AppStore|x86.ActiveCfg = Release|Any CPU
		{8C55EC4D-EA67-4D76-9B42-B98AE2328F40}.AppStore|x86.Build.0 = Release|Any CPU
		{8C55EC4D-EA67-4D76-9B42-B98AE2328F40}.Debug|Any CPU.ActiveCfg = Debug|Any CPU
		{8C55EC4D-EA67-4D76-9B42-B98AE2328F40}.Debug|Any CPU.Build.0 = Debug|Any CPU
		{8C55EC4D-EA67-4D76-9B42-B98AE2328F40}.Debug|ARM.ActiveCfg = Debug|Any CPU
		{8C55EC4D-EA67-4D76-9B42-B98AE2328F40}.Debug|ARM.Build.0 = Debug|Any CPU
		{8C55EC4D-EA67-4D76-9B42-B98AE2328F40}.Debug|iPhone.ActiveCfg = Debug|Any CPU
		{8C55EC4D-EA67-4D76-9B42-B98AE2328F40}.Debug|iPhone.Build.0 = Debug|Any CPU
		{8C55EC4D-EA67-4D76-9B42-B98AE2328F40}.Debug|iPhoneSimulator.ActiveCfg = Debug|Any CPU
		{8C55EC4D-EA67-4D76-9B42-B98AE2328F40}.Debug|iPhoneSimulator.Build.0 = Debug|Any CPU
		{8C55EC4D-EA67-4D76-9B42-B98AE2328F40}.Debug|x64.ActiveCfg = Debug|Any CPU
		{8C55EC4D-EA67-4D76-9B42-B98AE2328F40}.Debug|x64.Build.0 = Debug|Any CPU
		{8C55EC4D-EA67-4D76-9B42-B98AE2328F40}.Debug|x86.ActiveCfg = Debug|Any CPU
		{8C55EC4D-EA67-4D76-9B42-B98AE2328F40}.Debug|x86.Build.0 = Debug|Any CPU
		{8C55EC4D-EA67-4D76-9B42-B98AE2328F40}.Release|Any CPU.ActiveCfg = Release|Any CPU
		{8C55EC4D-EA67-4D76-9B42-B98AE2328F40}.Release|Any CPU.Build.0 = Release|Any CPU
		{8C55EC4D-EA67-4D76-9B42-B98AE2328F40}.Release|ARM.ActiveCfg = Release|Any CPU
		{8C55EC4D-EA67-4D76-9B42-B98AE2328F40}.Release|ARM.Build.0 = Release|Any CPU
		{8C55EC4D-EA67-4D76-9B42-B98AE2328F40}.Release|iPhone.ActiveCfg = Release|Any CPU
		{8C55EC4D-EA67-4D76-9B42-B98AE2328F40}.Release|iPhone.Build.0 = Release|Any CPU
		{8C55EC4D-EA67-4D76-9B42-B98AE2328F40}.Release|iPhoneSimulator.ActiveCfg = Release|Any CPU
		{8C55EC4D-EA67-4D76-9B42-B98AE2328F40}.Release|iPhoneSimulator.Build.0 = Release|Any CPU
		{8C55EC4D-EA67-4D76-9B42-B98AE2328F40}.Release|x64.ActiveCfg = Release|Any CPU
		{8C55EC4D-EA67-4D76-9B42-B98AE2328F40}.Release|x64.Build.0 = Release|Any CPU
		{8C55EC4D-EA67-4D76-9B42-B98AE2328F40}.Release|x86.ActiveCfg = Release|Any CPU
		{8C55EC4D-EA67-4D76-9B42-B98AE2328F40}.Release|x86.Build.0 = Release|Any CPU
		{C43D6FC1-FF48-492A-8CB7-4E1FE044A8EA}.Ad-Hoc|Any CPU.ActiveCfg = Release|x86
		{C43D6FC1-FF48-492A-8CB7-4E1FE044A8EA}.Ad-Hoc|Any CPU.Build.0 = Release|x86
		{C43D6FC1-FF48-492A-8CB7-4E1FE044A8EA}.Ad-Hoc|Any CPU.Deploy.0 = Release|x86
		{C43D6FC1-FF48-492A-8CB7-4E1FE044A8EA}.Ad-Hoc|ARM.ActiveCfg = Release|ARM
		{C43D6FC1-FF48-492A-8CB7-4E1FE044A8EA}.Ad-Hoc|ARM.Build.0 = Release|ARM
		{C43D6FC1-FF48-492A-8CB7-4E1FE044A8EA}.Ad-Hoc|ARM.Deploy.0 = Release|ARM
		{C43D6FC1-FF48-492A-8CB7-4E1FE044A8EA}.Ad-Hoc|iPhone.ActiveCfg = Release|x86
		{C43D6FC1-FF48-492A-8CB7-4E1FE044A8EA}.Ad-Hoc|iPhone.Build.0 = Release|x86
		{C43D6FC1-FF48-492A-8CB7-4E1FE044A8EA}.Ad-Hoc|iPhone.Deploy.0 = Release|x86
		{C43D6FC1-FF48-492A-8CB7-4E1FE044A8EA}.Ad-Hoc|iPhoneSimulator.ActiveCfg = Release|x86
		{C43D6FC1-FF48-492A-8CB7-4E1FE044A8EA}.Ad-Hoc|iPhoneSimulator.Build.0 = Release|x86
		{C43D6FC1-FF48-492A-8CB7-4E1FE044A8EA}.Ad-Hoc|iPhoneSimulator.Deploy.0 = Release|x86
		{C43D6FC1-FF48-492A-8CB7-4E1FE044A8EA}.Ad-Hoc|x64.ActiveCfg = Release|x64
		{C43D6FC1-FF48-492A-8CB7-4E1FE044A8EA}.Ad-Hoc|x64.Build.0 = Release|x64
		{C43D6FC1-FF48-492A-8CB7-4E1FE044A8EA}.Ad-Hoc|x64.Deploy.0 = Release|x64
		{C43D6FC1-FF48-492A-8CB7-4E1FE044A8EA}.Ad-Hoc|x86.ActiveCfg = Release|x86
		{C43D6FC1-FF48-492A-8CB7-4E1FE044A8EA}.Ad-Hoc|x86.Build.0 = Release|x86
		{C43D6FC1-FF48-492A-8CB7-4E1FE044A8EA}.Ad-Hoc|x86.Deploy.0 = Release|x86
		{C43D6FC1-FF48-492A-8CB7-4E1FE044A8EA}.AppStore|Any CPU.ActiveCfg = Release|x86
		{C43D6FC1-FF48-492A-8CB7-4E1FE044A8EA}.AppStore|Any CPU.Build.0 = Release|x86
		{C43D6FC1-FF48-492A-8CB7-4E1FE044A8EA}.AppStore|Any CPU.Deploy.0 = Release|x86
		{C43D6FC1-FF48-492A-8CB7-4E1FE044A8EA}.AppStore|ARM.ActiveCfg = Release|ARM
		{C43D6FC1-FF48-492A-8CB7-4E1FE044A8EA}.AppStore|ARM.Build.0 = Release|ARM
		{C43D6FC1-FF48-492A-8CB7-4E1FE044A8EA}.AppStore|ARM.Deploy.0 = Release|ARM
		{C43D6FC1-FF48-492A-8CB7-4E1FE044A8EA}.AppStore|iPhone.ActiveCfg = Release|x86
		{C43D6FC1-FF48-492A-8CB7-4E1FE044A8EA}.AppStore|iPhone.Build.0 = Release|x86
		{C43D6FC1-FF48-492A-8CB7-4E1FE044A8EA}.AppStore|iPhone.Deploy.0 = Release|x86
		{C43D6FC1-FF48-492A-8CB7-4E1FE044A8EA}.AppStore|iPhoneSimulator.ActiveCfg = Release|x86
		{C43D6FC1-FF48-492A-8CB7-4E1FE044A8EA}.AppStore|iPhoneSimulator.Build.0 = Release|x86
		{C43D6FC1-FF48-492A-8CB7-4E1FE044A8EA}.AppStore|iPhoneSimulator.Deploy.0 = Release|x86
		{C43D6FC1-FF48-492A-8CB7-4E1FE044A8EA}.AppStore|x64.ActiveCfg = Release|x64
		{C43D6FC1-FF48-492A-8CB7-4E1FE044A8EA}.AppStore|x64.Build.0 = Release|x64
		{C43D6FC1-FF48-492A-8CB7-4E1FE044A8EA}.AppStore|x64.Deploy.0 = Release|x64
		{C43D6FC1-FF48-492A-8CB7-4E1FE044A8EA}.AppStore|x86.ActiveCfg = Release|x86
		{C43D6FC1-FF48-492A-8CB7-4E1FE044A8EA}.AppStore|x86.Build.0 = Release|x86
		{C43D6FC1-FF48-492A-8CB7-4E1FE044A8EA}.AppStore|x86.Deploy.0 = Release|x86
		{C43D6FC1-FF48-492A-8CB7-4E1FE044A8EA}.Debug|Any CPU.ActiveCfg = Debug|x86
		{C43D6FC1-FF48-492A-8CB7-4E1FE044A8EA}.Debug|ARM.ActiveCfg = Debug|ARM
		{C43D6FC1-FF48-492A-8CB7-4E1FE044A8EA}.Debug|ARM.Build.0 = Debug|ARM
		{C43D6FC1-FF48-492A-8CB7-4E1FE044A8EA}.Debug|ARM.Deploy.0 = Debug|ARM
		{C43D6FC1-FF48-492A-8CB7-4E1FE044A8EA}.Debug|iPhone.ActiveCfg = Debug|x86
		{C43D6FC1-FF48-492A-8CB7-4E1FE044A8EA}.Debug|iPhoneSimulator.ActiveCfg = Debug|x86
		{C43D6FC1-FF48-492A-8CB7-4E1FE044A8EA}.Debug|x64.ActiveCfg = Debug|x64
		{C43D6FC1-FF48-492A-8CB7-4E1FE044A8EA}.Debug|x64.Build.0 = Debug|x64
		{C43D6FC1-FF48-492A-8CB7-4E1FE044A8EA}.Debug|x64.Deploy.0 = Debug|x64
		{C43D6FC1-FF48-492A-8CB7-4E1FE044A8EA}.Debug|x86.ActiveCfg = Debug|x86
		{C43D6FC1-FF48-492A-8CB7-4E1FE044A8EA}.Debug|x86.Build.0 = Debug|x86
		{C43D6FC1-FF48-492A-8CB7-4E1FE044A8EA}.Debug|x86.Deploy.0 = Debug|x86
		{C43D6FC1-FF48-492A-8CB7-4E1FE044A8EA}.Release|Any CPU.ActiveCfg = Release|x86
		{C43D6FC1-FF48-492A-8CB7-4E1FE044A8EA}.Release|ARM.ActiveCfg = Release|ARM
		{C43D6FC1-FF48-492A-8CB7-4E1FE044A8EA}.Release|ARM.Build.0 = Release|ARM
		{C43D6FC1-FF48-492A-8CB7-4E1FE044A8EA}.Release|ARM.Deploy.0 = Release|ARM
		{C43D6FC1-FF48-492A-8CB7-4E1FE044A8EA}.Release|iPhone.ActiveCfg = Release|x86
		{C43D6FC1-FF48-492A-8CB7-4E1FE044A8EA}.Release|iPhoneSimulator.ActiveCfg = Release|x86
		{C43D6FC1-FF48-492A-8CB7-4E1FE044A8EA}.Release|x64.ActiveCfg = Release|x64
		{C43D6FC1-FF48-492A-8CB7-4E1FE044A8EA}.Release|x64.Build.0 = Release|x64
		{C43D6FC1-FF48-492A-8CB7-4E1FE044A8EA}.Release|x64.Deploy.0 = Release|x64
		{C43D6FC1-FF48-492A-8CB7-4E1FE044A8EA}.Release|x86.ActiveCfg = Release|x86
		{C43D6FC1-FF48-492A-8CB7-4E1FE044A8EA}.Release|x86.Build.0 = Release|x86
		{C43D6FC1-FF48-492A-8CB7-4E1FE044A8EA}.Release|x86.Deploy.0 = Release|x86
		{2AC3FF18-5906-4B93-B22A-E9CF9568B0BB}.Ad-Hoc|Any CPU.ActiveCfg = Ad-Hoc|iPhoneSimulator
		{2AC3FF18-5906-4B93-B22A-E9CF9568B0BB}.Ad-Hoc|ARM.ActiveCfg = Ad-Hoc|iPhone
		{2AC3FF18-5906-4B93-B22A-E9CF9568B0BB}.Ad-Hoc|iPhone.ActiveCfg = Ad-Hoc|iPhone
		{2AC3FF18-5906-4B93-B22A-E9CF9568B0BB}.Ad-Hoc|iPhone.Build.0 = Ad-Hoc|iPhone
		{2AC3FF18-5906-4B93-B22A-E9CF9568B0BB}.Ad-Hoc|iPhoneSimulator.ActiveCfg = Ad-Hoc|iPhoneSimulator
		{2AC3FF18-5906-4B93-B22A-E9CF9568B0BB}.Ad-Hoc|iPhoneSimulator.Build.0 = Ad-Hoc|iPhoneSimulator
		{2AC3FF18-5906-4B93-B22A-E9CF9568B0BB}.Ad-Hoc|x64.ActiveCfg = Ad-Hoc|iPhone
		{2AC3FF18-5906-4B93-B22A-E9CF9568B0BB}.Ad-Hoc|x86.ActiveCfg = Ad-Hoc|iPhone
		{2AC3FF18-5906-4B93-B22A-E9CF9568B0BB}.AppStore|Any CPU.ActiveCfg = AppStore|iPhoneSimulator
		{2AC3FF18-5906-4B93-B22A-E9CF9568B0BB}.AppStore|ARM.ActiveCfg = AppStore|iPhone
		{2AC3FF18-5906-4B93-B22A-E9CF9568B0BB}.AppStore|iPhone.ActiveCfg = AppStore|iPhone
		{2AC3FF18-5906-4B93-B22A-E9CF9568B0BB}.AppStore|iPhone.Build.0 = AppStore|iPhone
		{2AC3FF18-5906-4B93-B22A-E9CF9568B0BB}.AppStore|iPhoneSimulator.ActiveCfg = AppStore|iPhoneSimulator
		{2AC3FF18-5906-4B93-B22A-E9CF9568B0BB}.AppStore|iPhoneSimulator.Build.0 = AppStore|iPhoneSimulator
		{2AC3FF18-5906-4B93-B22A-E9CF9568B0BB}.AppStore|x64.ActiveCfg = AppStore|iPhone
		{2AC3FF18-5906-4B93-B22A-E9CF9568B0BB}.AppStore|x86.ActiveCfg = AppStore|iPhone
		{2AC3FF18-5906-4B93-B22A-E9CF9568B0BB}.Debug|Any CPU.ActiveCfg = Debug|iPhoneSimulator
		{2AC3FF18-5906-4B93-B22A-E9CF9568B0BB}.Debug|ARM.ActiveCfg = Debug|iPhone
		{2AC3FF18-5906-4B93-B22A-E9CF9568B0BB}.Debug|iPhone.ActiveCfg = Debug|iPhone
		{2AC3FF18-5906-4B93-B22A-E9CF9568B0BB}.Debug|iPhone.Build.0 = Debug|iPhone
		{2AC3FF18-5906-4B93-B22A-E9CF9568B0BB}.Debug|iPhoneSimulator.ActiveCfg = Debug|iPhoneSimulator
		{2AC3FF18-5906-4B93-B22A-E9CF9568B0BB}.Debug|iPhoneSimulator.Build.0 = Debug|iPhoneSimulator
		{2AC3FF18-5906-4B93-B22A-E9CF9568B0BB}.Debug|x64.ActiveCfg = Debug|iPhone
		{2AC3FF18-5906-4B93-B22A-E9CF9568B0BB}.Debug|x86.ActiveCfg = Debug|iPhone
		{2AC3FF18-5906-4B93-B22A-E9CF9568B0BB}.Release|Any CPU.ActiveCfg = Release|iPhoneSimulator
		{2AC3FF18-5906-4B93-B22A-E9CF9568B0BB}.Release|ARM.ActiveCfg = Release|iPhone
		{2AC3FF18-5906-4B93-B22A-E9CF9568B0BB}.Release|iPhone.ActiveCfg = Release|iPhone
		{2AC3FF18-5906-4B93-B22A-E9CF9568B0BB}.Release|iPhone.Build.0 = Release|iPhone
		{2AC3FF18-5906-4B93-B22A-E9CF9568B0BB}.Release|iPhoneSimulator.ActiveCfg = Release|iPhoneSimulator
		{2AC3FF18-5906-4B93-B22A-E9CF9568B0BB}.Release|iPhoneSimulator.Build.0 = Release|iPhoneSimulator
		{2AC3FF18-5906-4B93-B22A-E9CF9568B0BB}.Release|x64.ActiveCfg = Release|iPhone
		{2AC3FF18-5906-4B93-B22A-E9CF9568B0BB}.Release|x86.ActiveCfg = Release|iPhone
	EndGlobalSection
	GlobalSection(SolutionProperties) = preSolution
		HideSolutionNode = FALSE
	EndGlobalSection
	GlobalSection(ExtensibilityGlobals) = postSolution
		SolutionGuid = {F52A7DBD-8923-4603-B8E8-25FD8D19CA01}
	EndGlobalSection
EndGlobal
