
Microsoft Visual Studio Solution File, Format Version 12.00
# Visual Studio 15
VisualStudioVersion = 15.0.26430.14
MinimumVisualStudioVersion = 10.0.40219.1
Project("{FAE04EC0-301F-11D3-BF4B-00C04F79EFBC}") = "Plugin.FirebasePushNotification", "src\Plugin.FirebasePushNotification\Plugin.FirebasePushNotification.csproj", "{A6FCEF44-D2BA-42C7-B3CB-13667BCD7B54}"
EndProject
Project("{FAE04EC0-301F-11D3-BF4B-00C04F79EFBC}") = "Plugin.FirebasePushNotification.Abstractions", "src\Plugin.FirebasePushNotification.Abstractions\Plugin.FirebasePushNotification.Abstractions.csproj", "{6EDB0588-FFC5-4EF5-8A99-9E241D0F878D}"
EndProject
Project("{FAE04EC0-301F-11D3-BF4B-00C04F79EFBC}") = "Plugin.FirebasePushNotification.iOS", "src\Plugin.FirebasePushNotification.iOS\Plugin.FirebasePushNotification.iOS.csproj", "{2882AEEB-D4CD-4EB9-8A6C-6653B33681F0}"
EndProject
Project("{FAE04EC0-301F-11D3-BF4B-00C04F79EFBC}") = "Plugin.FirebasePushNotification.Android", "src\Plugin.FirebasePushNotification.Android\Plugin.FirebasePushNotification.Android.csproj", "{56A56F17-7DE1-4CA1-9617-BF32E971AC84}"
EndProject
Project("{FAE04EC0-301F-11D3-BF4B-00C04F79EFBC}") = "Plugin.FirebasePushNotification.UWP", "src\Plugin.FirebasePushNotification.UWP\Plugin.FirebasePushNotification.UWP.csproj", "{E34B516D-C0D8-450F-9DB0-BB6A5B04AEF1}"
EndProject
Project("{2150E333-8FDC-42A3-9474-1A3956D46DE8}") = "Sample", "Sample", "{C0F5B5EB-7F18-4FA2-8C5C-47ACF76F11A5}"
EndProject
Project("{FAE04EC0-301F-11D3-BF4B-00C04F79EFBC}") = "FirebasePushSample.Android", "samples\FirebasePushSample\FirebasePushSample.Android\FirebasePushSample.Android.csproj", "{524779F2-E29E-4BA2-B346-BAA571729A1B}"
EndProject
Project("{FAE04EC0-301F-11D3-BF4B-00C04F79EFBC}") = "FirebasePushSample", "samples\FirebasePushSample\FirebasePushSample\FirebasePushSample.csproj", "{3CB6619F-44BE-439F-9119-0DB084FC9784}"
EndProject
Project("{FAE04EC0-301F-11D3-BF4B-00C04F79EFBC}") = "FirebasePushSample.UWP", "samples\FirebasePushSample\FirebasePushSample.UWP\FirebasePushSample.UWP.csproj", "{48BCB86C-151B-4385-B315-317F434F4218}"
EndProject
Project("{FAE04EC0-301F-11D3-BF4B-00C04F79EFBC}") = "FirebasePushSample.iOS", "samples\FirebasePushSample\FirebasePushSample.iOS\FirebasePushSample.iOS.csproj", "{FA3C97AC-3E34-4566-A146-CE8B49669AC8}"
EndProject
Global
	GlobalSection(SolutionConfigurationPlatforms) = preSolution
		Ad-Hoc|Any CPU = Ad-Hoc|Any CPU
		Ad-Hoc|ARM = Ad-Hoc|ARM
		Ad-Hoc|iPhone = Ad-Hoc|iPhone
		Ad-Hoc|iPhoneSimulator = Ad-Hoc|iPhoneSimulator
		Ad-Hoc|x64 = Ad-Hoc|x64
		Ad-Hoc|x86 = Ad-Hoc|x86
		AppStore|Any CPU = AppStore|Any CPU
		AppStore|ARM = AppStore|ARM
		AppStore|iPhone = AppStore|iPhone
		AppStore|iPhoneSimulator = AppStore|iPhoneSimulator
		AppStore|x64 = AppStore|x64
		AppStore|x86 = AppStore|x86
		Debug|Any CPU = Debug|Any CPU
		Debug|ARM = Debug|ARM
		Debug|iPhone = Debug|iPhone
		Debug|iPhoneSimulator = Debug|iPhoneSimulator
		Debug|x64 = Debug|x64
		Debug|x86 = Debug|x86
		Release|Any CPU = Release|Any CPU
		Release|ARM = Release|ARM
		Release|iPhone = Release|iPhone
		Release|iPhoneSimulator = Release|iPhoneSimulator
		Release|x64 = Release|x64
		Release|x86 = Release|x86
	EndGlobalSection
	GlobalSection(ProjectConfigurationPlatforms) = postSolution
		{A6FCEF44-D2BA-42C7-B3CB-13667BCD7B54}.Ad-Hoc|Any CPU.ActiveCfg = Release|Any CPU
		{A6FCEF44-D2BA-42C7-B3CB-13667BCD7B54}.Ad-Hoc|Any CPU.Build.0 = Release|Any CPU
		{A6FCEF44-D2BA-42C7-B3CB-13667BCD7B54}.Ad-Hoc|ARM.ActiveCfg = Release|Any CPU
		{A6FCEF44-D2BA-42C7-B3CB-13667BCD7B54}.Ad-Hoc|ARM.Build.0 = Release|Any CPU
		{A6FCEF44-D2BA-42C7-B3CB-13667BCD7B54}.Ad-Hoc|iPhone.ActiveCfg = Release|Any CPU
		{A6FCEF44-D2BA-42C7-B3CB-13667BCD7B54}.Ad-Hoc|iPhone.Build.0 = Release|Any CPU
		{A6FCEF44-D2BA-42C7-B3CB-13667BCD7B54}.Ad-Hoc|iPhoneSimulator.ActiveCfg = Release|Any CPU
		{A6FCEF44-D2BA-42C7-B3CB-13667BCD7B54}.Ad-Hoc|iPhoneSimulator.Build.0 = Release|Any CPU
		{A6FCEF44-D2BA-42C7-B3CB-13667BCD7B54}.Ad-Hoc|x64.ActiveCfg = Release|Any CPU
		{A6FCEF44-D2BA-42C7-B3CB-13667BCD7B54}.Ad-Hoc|x64.Build.0 = Release|Any CPU
		{A6FCEF44-D2BA-42C7-B3CB-13667BCD7B54}.Ad-Hoc|x86.ActiveCfg = Release|Any CPU
		{A6FCEF44-D2BA-42C7-B3CB-13667BCD7B54}.Ad-Hoc|x86.Build.0 = Release|Any CPU
		{A6FCEF44-D2BA-42C7-B3CB-13667BCD7B54}.AppStore|Any CPU.ActiveCfg = Release|Any CPU
		{A6FCEF44-D2BA-42C7-B3CB-13667BCD7B54}.AppStore|Any CPU.Build.0 = Release|Any CPU
		{A6FCEF44-D2BA-42C7-B3CB-13667BCD7B54}.AppStore|ARM.ActiveCfg = Release|Any CPU
		{A6FCEF44-D2BA-42C7-B3CB-13667BCD7B54}.AppStore|ARM.Build.0 = Release|Any CPU
		{A6FCEF44-D2BA-42C7-B3CB-13667BCD7B54}.AppStore|iPhone.ActiveCfg = Release|Any CPU
		{A6FCEF44-D2BA-42C7-B3CB-13667BCD7B54}.AppStore|iPhone.Build.0 = Release|Any CPU
		{A6FCEF44-D2BA-42C7-B3CB-13667BCD7B54}.AppStore|iPhoneSimulator.ActiveCfg = Release|Any CPU
		{A6FCEF44-D2BA-42C7-B3CB-13667BCD7B54}.AppStore|iPhoneSimulator.Build.0 = Release|Any CPU
		{A6FCEF44-D2BA-42C7-B3CB-13667BCD7B54}.AppStore|x64.ActiveCfg = Release|Any CPU
		{A6FCEF44-D2BA-42C7-B3CB-13667BCD7B54}.AppStore|x64.Build.0 = Release|Any CPU
		{A6FCEF44-D2BA-42C7-B3CB-13667BCD7B54}.AppStore|x86.ActiveCfg = Release|Any CPU
		{A6FCEF44-D2BA-42C7-B3CB-13667BCD7B54}.AppStore|x86.Build.0 = Release|Any CPU
		{A6FCEF44-D2BA-42C7-B3CB-13667BCD7B54}.Debug|Any CPU.ActiveCfg = Debug|Any CPU
		{A6FCEF44-D2BA-42C7-B3CB-13667BCD7B54}.Debug|Any CPU.Build.0 = Debug|Any CPU
		{A6FCEF44-D2BA-42C7-B3CB-13667BCD7B54}.Debug|ARM.ActiveCfg = Debug|Any CPU
		{A6FCEF44-D2BA-42C7-B3CB-13667BCD7B54}.Debug|ARM.Build.0 = Debug|Any CPU
		{A6FCEF44-D2BA-42C7-B3CB-13667BCD7B54}.Debug|iPhone.ActiveCfg = Debug|Any CPU
		{A6FCEF44-D2BA-42C7-B3CB-13667BCD7B54}.Debug|iPhone.Build.0 = Debug|Any CPU
		{A6FCEF44-D2BA-42C7-B3CB-13667BCD7B54}.Debug|iPhoneSimulator.ActiveCfg = Debug|Any CPU
		{A6FCEF44-D2BA-42C7-B3CB-13667BCD7B54}.Debug|iPhoneSimulator.Build.0 = Debug|Any CPU
		{A6FCEF44-D2BA-42C7-B3CB-13667BCD7B54}.Debug|x64.ActiveCfg = Debug|Any CPU
		{A6FCEF44-D2BA-42C7-B3CB-13667BCD7B54}.Debug|x64.Build.0 = Debug|Any CPU
		{A6FCEF44-D2BA-42C7-B3CB-13667BCD7B54}.Debug|x86.ActiveCfg = Debug|Any CPU
		{A6FCEF44-D2BA-42C7-B3CB-13667BCD7B54}.Debug|x86.Build.0 = Debug|Any CPU
		{A6FCEF44-D2BA-42C7-B3CB-13667BCD7B54}.Release|Any CPU.ActiveCfg = Release|Any CPU
		{A6FCEF44-D2BA-42C7-B3CB-13667BCD7B54}.Release|Any CPU.Build.0 = Release|Any CPU
		{A6FCEF44-D2BA-42C7-B3CB-13667BCD7B54}.Release|ARM.ActiveCfg = Release|Any CPU
		{A6FCEF44-D2BA-42C7-B3CB-13667BCD7B54}.Release|ARM.Build.0 = Release|Any CPU
		{A6FCEF44-D2BA-42C7-B3CB-13667BCD7B54}.Release|iPhone.ActiveCfg = Release|Any CPU
		{A6FCEF44-D2BA-42C7-B3CB-13667BCD7B54}.Release|iPhone.Build.0 = Release|Any CPU
		{A6FCEF44-D2BA-42C7-B3CB-13667BCD7B54}.Release|iPhoneSimulator.ActiveCfg = Release|Any CPU
		{A6FCEF44-D2BA-42C7-B3CB-13667BCD7B54}.Release|iPhoneSimulator.Build.0 = Release|Any CPU
		{A6FCEF44-D2BA-42C7-B3CB-13667BCD7B54}.Release|x64.ActiveCfg = Release|Any CPU
		{A6FCEF44-D2BA-42C7-B3CB-13667BCD7B54}.Release|x64.Build.0 = Release|Any CPU
		{A6FCEF44-D2BA-42C7-B3CB-13667BCD7B54}.Release|x86.ActiveCfg = Release|Any CPU
		{A6FCEF44-D2BA-42C7-B3CB-13667BCD7B54}.Release|x86.Build.0 = Release|Any CPU
		{6EDB0588-FFC5-4EF5-8A99-9E241D0F878D}.Ad-Hoc|Any CPU.ActiveCfg = Release|Any CPU
		{6EDB0588-FFC5-4EF5-8A99-9E241D0F878D}.Ad-Hoc|Any CPU.Build.0 = Release|Any CPU
		{6EDB0588-FFC5-4EF5-8A99-9E241D0F878D}.Ad-Hoc|ARM.ActiveCfg = Release|Any CPU
		{6EDB0588-FFC5-4EF5-8A99-9E241D0F878D}.Ad-Hoc|ARM.Build.0 = Release|Any CPU
		{6EDB0588-FFC5-4EF5-8A99-9E241D0F878D}.Ad-Hoc|iPhone.ActiveCfg = Release|Any CPU
		{6EDB0588-FFC5-4EF5-8A99-9E241D0F878D}.Ad-Hoc|iPhone.Build.0 = Release|Any CPU
		{6EDB0588-FFC5-4EF5-8A99-9E241D0F878D}.Ad-Hoc|iPhoneSimulator.ActiveCfg = Release|Any CPU
		{6EDB0588-FFC5-4EF5-8A99-9E241D0F878D}.Ad-Hoc|iPhoneSimulator.Build.0 = Release|Any CPU
		{6EDB0588-FFC5-4EF5-8A99-9E241D0F878D}.Ad-Hoc|x64.ActiveCfg = Release|Any CPU
		{6EDB0588-FFC5-4EF5-8A99-9E241D0F878D}.Ad-Hoc|x64.Build.0 = Release|Any CPU
		{6EDB0588-FFC5-4EF5-8A99-9E241D0F878D}.Ad-Hoc|x86.ActiveCfg = Release|Any CPU
		{6EDB0588-FFC5-4EF5-8A99-9E241D0F878D}.Ad-Hoc|x86.Build.0 = Release|Any CPU
		{6EDB0588-FFC5-4EF5-8A99-9E241D0F878D}.AppStore|Any CPU.ActiveCfg = Release|Any CPU
		{6EDB0588-FFC5-4EF5-8A99-9E241D0F878D}.AppStore|Any CPU.Build.0 = Release|Any CPU
		{6EDB0588-FFC5-4EF5-8A99-9E241D0F878D}.AppStore|ARM.ActiveCfg = Release|Any CPU
		{6EDB0588-FFC5-4EF5-8A99-9E241D0F878D}.AppStore|ARM.Build.0 = Release|Any CPU
		{6EDB0588-FFC5-4EF5-8A99-9E241D0F878D}.AppStore|iPhone.ActiveCfg = Release|Any CPU
		{6EDB0588-FFC5-4EF5-8A99-9E241D0F878D}.AppStore|iPhone.Build.0 = Release|Any CPU
		{6EDB0588-FFC5-4EF5-8A99-9E241D0F878D}.AppStore|iPhoneSimulator.ActiveCfg = Release|Any CPU
		{6EDB0588-FFC5-4EF5-8A99-9E241D0F878D}.AppStore|iPhoneSimulator.Build.0 = Release|Any CPU
		{6EDB0588-FFC5-4EF5-8A99-9E241D0F878D}.AppStore|x64.ActiveCfg = Release|Any CPU
		{6EDB0588-FFC5-4EF5-8A99-9E241D0F878D}.AppStore|x64.Build.0 = Release|Any CPU
		{6EDB0588-FFC5-4EF5-8A99-9E241D0F878D}.AppStore|x86.ActiveCfg = Release|Any CPU
		{6EDB0588-FFC5-4EF5-8A99-9E241D0F878D}.AppStore|x86.Build.0 = Release|Any CPU
		{6EDB0588-FFC5-4EF5-8A99-9E241D0F878D}.Debug|Any CPU.ActiveCfg = Debug|Any CPU
		{6EDB0588-FFC5-4EF5-8A99-9E241D0F878D}.Debug|Any CPU.Build.0 = Debug|Any CPU
		{6EDB0588-FFC5-4EF5-8A99-9E241D0F878D}.Debug|ARM.ActiveCfg = Debug|Any CPU
		{6EDB0588-FFC5-4EF5-8A99-9E241D0F878D}.Debug|ARM.Build.0 = Debug|Any CPU
		{6EDB0588-FFC5-4EF5-8A99-9E241D0F878D}.Debug|iPhone.ActiveCfg = Debug|Any CPU
		{6EDB0588-FFC5-4EF5-8A99-9E241D0F878D}.Debug|iPhone.Build.0 = Debug|Any CPU
		{6EDB0588-FFC5-4EF5-8A99-9E241D0F878D}.Debug|iPhoneSimulator.ActiveCfg = Debug|Any CPU
		{6EDB0588-FFC5-4EF5-8A99-9E241D0F878D}.Debug|iPhoneSimulator.Build.0 = Debug|Any CPU
		{6EDB0588-FFC5-4EF5-8A99-9E241D0F878D}.Debug|x64.ActiveCfg = Debug|Any CPU
		{6EDB0588-FFC5-4EF5-8A99-9E241D0F878D}.Debug|x64.Build.0 = Debug|Any CPU
		{6EDB0588-FFC5-4EF5-8A99-9E241D0F878D}.Debug|x86.ActiveCfg = Debug|Any CPU
		{6EDB0588-FFC5-4EF5-8A99-9E241D0F878D}.Debug|x86.Build.0 = Debug|Any CPU
		{6EDB0588-FFC5-4EF5-8A99-9E241D0F878D}.Release|Any CPU.ActiveCfg = Release|Any CPU
		{6EDB0588-FFC5-4EF5-8A99-9E241D0F878D}.Release|Any CPU.Build.0 = Release|Any CPU
		{6EDB0588-FFC5-4EF5-8A99-9E241D0F878D}.Release|ARM.ActiveCfg = Release|Any CPU
		{6EDB0588-FFC5-4EF5-8A99-9E241D0F878D}.Release|ARM.Build.0 = Release|Any CPU
		{6EDB0588-FFC5-4EF5-8A99-9E241D0F878D}.Release|iPhone.ActiveCfg = Release|Any CPU
		{6EDB0588-FFC5-4EF5-8A99-9E241D0F878D}.Release|iPhone.Build.0 = Release|Any CPU
		{6EDB0588-FFC5-4EF5-8A99-9E241D0F878D}.Release|iPhoneSimulator.ActiveCfg = Release|Any CPU
		{6EDB0588-FFC5-4EF5-8A99-9E241D0F878D}.Release|iPhoneSimulator.Build.0 = Release|Any CPU
		{6EDB0588-FFC5-4EF5-8A99-9E241D0F878D}.Release|x64.ActiveCfg = Release|Any CPU
		{6EDB0588-FFC5-4EF5-8A99-9E241D0F878D}.Release|x64.Build.0 = Release|Any CPU
		{6EDB0588-FFC5-4EF5-8A99-9E241D0F878D}.Release|x86.ActiveCfg = Release|Any CPU
		{6EDB0588-FFC5-4EF5-8A99-9E241D0F878D}.Release|x86.Build.0 = Release|Any CPU
		{2882AEEB-D4CD-4EB9-8A6C-6653B33681F0}.Ad-Hoc|Any CPU.ActiveCfg = Release|Any CPU
		{2882AEEB-D4CD-4EB9-8A6C-6653B33681F0}.Ad-Hoc|Any CPU.Build.0 = Release|Any CPU
		{2882AEEB-D4CD-4EB9-8A6C-6653B33681F0}.Ad-Hoc|ARM.ActiveCfg = Release|Any CPU
		{2882AEEB-D4CD-4EB9-8A6C-6653B33681F0}.Ad-Hoc|ARM.Build.0 = Release|Any CPU
		{2882AEEB-D4CD-4EB9-8A6C-6653B33681F0}.Ad-Hoc|iPhone.ActiveCfg = Release|Any CPU
		{2882AEEB-D4CD-4EB9-8A6C-6653B33681F0}.Ad-Hoc|iPhone.Build.0 = Release|Any CPU
		{2882AEEB-D4CD-4EB9-8A6C-6653B33681F0}.Ad-Hoc|iPhoneSimulator.ActiveCfg = Release|Any CPU
		{2882AEEB-D4CD-4EB9-8A6C-6653B33681F0}.Ad-Hoc|iPhoneSimulator.Build.0 = Release|Any CPU
		{2882AEEB-D4CD-4EB9-8A6C-6653B33681F0}.Ad-Hoc|x64.ActiveCfg = Release|Any CPU
		{2882AEEB-D4CD-4EB9-8A6C-6653B33681F0}.Ad-Hoc|x64.Build.0 = Release|Any CPU
		{2882AEEB-D4CD-4EB9-8A6C-6653B33681F0}.Ad-Hoc|x86.ActiveCfg = Release|Any CPU
		{2882AEEB-D4CD-4EB9-8A6C-6653B33681F0}.Ad-Hoc|x86.Build.0 = Release|Any CPU
		{2882AEEB-D4CD-4EB9-8A6C-6653B33681F0}.AppStore|Any CPU.ActiveCfg = Release|Any CPU
		{2882AEEB-D4CD-4EB9-8A6C-6653B33681F0}.AppStore|Any CPU.Build.0 = Release|Any CPU
		{2882AEEB-D4CD-4EB9-8A6C-6653B33681F0}.AppStore|ARM.ActiveCfg = Release|Any CPU
		{2882AEEB-D4CD-4EB9-8A6C-6653B33681F0}.AppStore|ARM.Build.0 = Release|Any CPU
		{2882AEEB-D4CD-4EB9-8A6C-6653B33681F0}.AppStore|iPhone.ActiveCfg = Release|Any CPU
		{2882AEEB-D4CD-4EB9-8A6C-6653B33681F0}.AppStore|iPhone.Build.0 = Release|Any CPU
		{2882AEEB-D4CD-4EB9-8A6C-6653B33681F0}.AppStore|iPhoneSimulator.ActiveCfg = Release|Any CPU
		{2882AEEB-D4CD-4EB9-8A6C-6653B33681F0}.AppStore|iPhoneSimulator.Build.0 = Release|Any CPU
		{2882AEEB-D4CD-4EB9-8A6C-6653B33681F0}.AppStore|x64.ActiveCfg = Release|Any CPU
		{2882AEEB-D4CD-4EB9-8A6C-6653B33681F0}.AppStore|x64.Build.0 = Release|Any CPU
		{2882AEEB-D4CD-4EB9-8A6C-6653B33681F0}.AppStore|x86.ActiveCfg = Release|Any CPU
		{2882AEEB-D4CD-4EB9-8A6C-6653B33681F0}.AppStore|x86.Build.0 = Release|Any CPU
		{2882AEEB-D4CD-4EB9-8A6C-6653B33681F0}.Debug|Any CPU.ActiveCfg = Debug|Any CPU
		{2882AEEB-D4CD-4EB9-8A6C-6653B33681F0}.Debug|Any CPU.Build.0 = Debug|Any CPU
		{2882AEEB-D4CD-4EB9-8A6C-6653B33681F0}.Debug|ARM.ActiveCfg = Debug|Any CPU
		{2882AEEB-D4CD-4EB9-8A6C-6653B33681F0}.Debug|ARM.Build.0 = Debug|Any CPU
		{2882AEEB-D4CD-4EB9-8A6C-6653B33681F0}.Debug|iPhone.ActiveCfg = Debug|Any CPU
		{2882AEEB-D4CD-4EB9-8A6C-6653B33681F0}.Debug|iPhone.Build.0 = Debug|Any CPU
		{2882AEEB-D4CD-4EB9-8A6C-6653B33681F0}.Debug|iPhoneSimulator.ActiveCfg = Debug|Any CPU
		{2882AEEB-D4CD-4EB9-8A6C-6653B33681F0}.Debug|iPhoneSimulator.Build.0 = Debug|Any CPU
		{2882AEEB-D4CD-4EB9-8A6C-6653B33681F0}.Debug|x64.ActiveCfg = Debug|Any CPU
		{2882AEEB-D4CD-4EB9-8A6C-6653B33681F0}.Debug|x64.Build.0 = Debug|Any CPU
		{2882AEEB-D4CD-4EB9-8A6C-6653B33681F0}.Debug|x86.ActiveCfg = Debug|Any CPU
		{2882AEEB-D4CD-4EB9-8A6C-6653B33681F0}.Debug|x86.Build.0 = Debug|Any CPU
		{2882AEEB-D4CD-4EB9-8A6C-6653B33681F0}.Release|Any CPU.ActiveCfg = Release|Any CPU
		{2882AEEB-D4CD-4EB9-8A6C-6653B33681F0}.Release|Any CPU.Build.0 = Release|Any CPU
		{2882AEEB-D4CD-4EB9-8A6C-6653B33681F0}.Release|ARM.ActiveCfg = Release|Any CPU
		{2882AEEB-D4CD-4EB9-8A6C-6653B33681F0}.Release|ARM.Build.0 = Release|Any CPU
		{2882AEEB-D4CD-4EB9-8A6C-6653B33681F0}.Release|iPhone.ActiveCfg = Release|Any CPU
		{2882AEEB-D4CD-4EB9-8A6C-6653B33681F0}.Release|iPhone.Build.0 = Release|Any CPU
		{2882AEEB-D4CD-4EB9-8A6C-6653B33681F0}.Release|iPhoneSimulator.ActiveCfg = Release|Any CPU
		{2882AEEB-D4CD-4EB9-8A6C-6653B33681F0}.Release|iPhoneSimulator.Build.0 = Release|Any CPU
		{2882AEEB-D4CD-4EB9-8A6C-6653B33681F0}.Release|x64.ActiveCfg = Release|Any CPU
		{2882AEEB-D4CD-4EB9-8A6C-6653B33681F0}.Release|x64.Build.0 = Release|Any CPU
		{2882AEEB-D4CD-4EB9-8A6C-6653B33681F0}.Release|x86.ActiveCfg = Release|Any CPU
		{2882AEEB-D4CD-4EB9-8A6C-6653B33681F0}.Release|x86.Build.0 = Release|Any CPU
		{56A56F17-7DE1-4CA1-9617-BF32E971AC84}.Ad-Hoc|Any CPU.ActiveCfg = Release|Any CPU
		{56A56F17-7DE1-4CA1-9617-BF32E971AC84}.Ad-Hoc|Any CPU.Build.0 = Release|Any CPU
		{56A56F17-7DE1-4CA1-9617-BF32E971AC84}.Ad-Hoc|ARM.ActiveCfg = Release|Any CPU
		{56A56F17-7DE1-4CA1-9617-BF32E971AC84}.Ad-Hoc|ARM.Build.0 = Release|Any CPU
		{56A56F17-7DE1-4CA1-9617-BF32E971AC84}.Ad-Hoc|iPhone.ActiveCfg = Release|Any CPU
		{56A56F17-7DE1-4CA1-9617-BF32E971AC84}.Ad-Hoc|iPhone.Build.0 = Release|Any CPU
		{56A56F17-7DE1-4CA1-9617-BF32E971AC84}.Ad-Hoc|iPhoneSimulator.ActiveCfg = Release|Any CPU
		{56A56F17-7DE1-4CA1-9617-BF32E971AC84}.Ad-Hoc|iPhoneSimulator.Build.0 = Release|Any CPU
		{56A56F17-7DE1-4CA1-9617-BF32E971AC84}.Ad-Hoc|x64.ActiveCfg = Release|Any CPU
		{56A56F17-7DE1-4CA1-9617-BF32E971AC84}.Ad-Hoc|x64.Build.0 = Release|Any CPU
		{56A56F17-7DE1-4CA1-9617-BF32E971AC84}.Ad-Hoc|x86.ActiveCfg = Release|Any CPU
		{56A56F17-7DE1-4CA1-9617-BF32E971AC84}.Ad-Hoc|x86.Build.0 = Release|Any CPU
		{56A56F17-7DE1-4CA1-9617-BF32E971AC84}.AppStore|Any CPU.ActiveCfg = Release|Any CPU
		{56A56F17-7DE1-4CA1-9617-BF32E971AC84}.AppStore|Any CPU.Build.0 = Release|Any CPU
		{56A56F17-7DE1-4CA1-9617-BF32E971AC84}.AppStore|ARM.ActiveCfg = Release|Any CPU
		{56A56F17-7DE1-4CA1-9617-BF32E971AC84}.AppStore|ARM.Build.0 = Release|Any CPU
		{56A56F17-7DE1-4CA1-9617-BF32E971AC84}.AppStore|iPhone.ActiveCfg = Release|Any CPU
		{56A56F17-7DE1-4CA1-9617-BF32E971AC84}.AppStore|iPhone.Build.0 = Release|Any CPU
		{56A56F17-7DE1-4CA1-9617-BF32E971AC84}.AppStore|iPhoneSimulator.ActiveCfg = Release|Any CPU
		{56A56F17-7DE1-4CA1-9617-BF32E971AC84}.AppStore|iPhoneSimulator.Build.0 = Release|Any CPU
		{56A56F17-7DE1-4CA1-9617-BF32E971AC84}.AppStore|x64.ActiveCfg = Release|Any CPU
		{56A56F17-7DE1-4CA1-9617-BF32E971AC84}.AppStore|x64.Build.0 = Release|Any CPU
		{56A56F17-7DE1-4CA1-9617-BF32E971AC84}.AppStore|x86.ActiveCfg = Release|Any CPU
		{56A56F17-7DE1-4CA1-9617-BF32E971AC84}.AppStore|x86.Build.0 = Release|Any CPU
		{56A56F17-7DE1-4CA1-9617-BF32E971AC84}.Debug|Any CPU.ActiveCfg = Debug|Any CPU
		{56A56F17-7DE1-4CA1-9617-BF32E971AC84}.Debug|Any CPU.Build.0 = Debug|Any CPU
		{56A56F17-7DE1-4CA1-9617-BF32E971AC84}.Debug|ARM.ActiveCfg = Debug|Any CPU
		{56A56F17-7DE1-4CA1-9617-BF32E971AC84}.Debug|ARM.Build.0 = Debug|Any CPU
		{56A56F17-7DE1-4CA1-9617-BF32E971AC84}.Debug|iPhone.ActiveCfg = Debug|Any CPU
		{56A56F17-7DE1-4CA1-9617-BF32E971AC84}.Debug|iPhone.Build.0 = Debug|Any CPU
		{56A56F17-7DE1-4CA1-9617-BF32E971AC84}.Debug|iPhoneSimulator.ActiveCfg = Debug|Any CPU
		{56A56F17-7DE1-4CA1-9617-BF32E971AC84}.Debug|iPhoneSimulator.Build.0 = Debug|Any CPU
		{56A56F17-7DE1-4CA1-9617-BF32E971AC84}.Debug|x64.ActiveCfg = Debug|Any CPU
		{56A56F17-7DE1-4CA1-9617-BF32E971AC84}.Debug|x64.Build.0 = Debug|Any CPU
		{56A56F17-7DE1-4CA1-9617-BF32E971AC84}.Debug|x86.ActiveCfg = Debug|Any CPU
		{56A56F17-7DE1-4CA1-9617-BF32E971AC84}.Debug|x86.Build.0 = Debug|Any CPU
		{56A56F17-7DE1-4CA1-9617-BF32E971AC84}.Release|Any CPU.ActiveCfg = Release|Any CPU
		{56A56F17-7DE1-4CA1-9617-BF32E971AC84}.Release|Any CPU.Build.0 = Release|Any CPU
		{56A56F17-7DE1-4CA1-9617-BF32E971AC84}.Release|ARM.ActiveCfg = Release|Any CPU
		{56A56F17-7DE1-4CA1-9617-BF32E971AC84}.Release|ARM.Build.0 = Release|Any CPU
		{56A56F17-7DE1-4CA1-9617-BF32E971AC84}.Release|iPhone.ActiveCfg = Release|Any CPU
		{56A56F17-7DE1-4CA1-9617-BF32E971AC84}.Release|iPhone.Build.0 = Release|Any CPU
		{56A56F17-7DE1-4CA1-9617-BF32E971AC84}.Release|iPhoneSimulator.ActiveCfg = Release|Any CPU
		{56A56F17-7DE1-4CA1-9617-BF32E971AC84}.Release|iPhoneSimulator.Build.0 = Release|Any CPU
		{56A56F17-7DE1-4CA1-9617-BF32E971AC84}.Release|x64.ActiveCfg = Release|Any CPU
		{56A56F17-7DE1-4CA1-9617-BF32E971AC84}.Release|x64.Build.0 = Release|Any CPU
		{56A56F17-7DE1-4CA1-9617-BF32E971AC84}.Release|x86.ActiveCfg = Release|Any CPU
		{56A56F17-7DE1-4CA1-9617-BF32E971AC84}.Release|x86.Build.0 = Release|Any CPU
		{E34B516D-C0D8-450F-9DB0-BB6A5B04AEF1}.Ad-Hoc|Any CPU.ActiveCfg = Release|Any CPU
		{E34B516D-C0D8-450F-9DB0-BB6A5B04AEF1}.Ad-Hoc|Any CPU.Build.0 = Release|Any CPU
		{E34B516D-C0D8-450F-9DB0-BB6A5B04AEF1}.Ad-Hoc|ARM.ActiveCfg = Release|ARM
		{E34B516D-C0D8-450F-9DB0-BB6A5B04AEF1}.Ad-Hoc|ARM.Build.0 = Release|ARM
		{E34B516D-C0D8-450F-9DB0-BB6A5B04AEF1}.Ad-Hoc|iPhone.ActiveCfg = Release|Any CPU
		{E34B516D-C0D8-450F-9DB0-BB6A5B04AEF1}.Ad-Hoc|iPhone.Build.0 = Release|Any CPU
		{E34B516D-C0D8-450F-9DB0-BB6A5B04AEF1}.Ad-Hoc|iPhoneSimulator.ActiveCfg = Release|Any CPU
		{E34B516D-C0D8-450F-9DB0-BB6A5B04AEF1}.Ad-Hoc|iPhoneSimulator.Build.0 = Release|Any CPU
		{E34B516D-C0D8-450F-9DB0-BB6A5B04AEF1}.Ad-Hoc|x64.ActiveCfg = Release|x64
		{E34B516D-C0D8-450F-9DB0-BB6A5B04AEF1}.Ad-Hoc|x64.Build.0 = Release|x64
		{E34B516D-C0D8-450F-9DB0-BB6A5B04AEF1}.Ad-Hoc|x86.ActiveCfg = Release|x86
		{E34B516D-C0D8-450F-9DB0-BB6A5B04AEF1}.Ad-Hoc|x86.Build.0 = Release|x86
		{E34B516D-C0D8-450F-9DB0-BB6A5B04AEF1}.AppStore|Any CPU.ActiveCfg = Release|Any CPU
		{E34B516D-C0D8-450F-9DB0-BB6A5B04AEF1}.AppStore|Any CPU.Build.0 = Release|Any CPU
		{E34B516D-C0D8-450F-9DB0-BB6A5B04AEF1}.AppStore|ARM.ActiveCfg = Release|ARM
		{E34B516D-C0D8-450F-9DB0-BB6A5B04AEF1}.AppStore|ARM.Build.0 = Release|ARM
		{E34B516D-C0D8-450F-9DB0-BB6A5B04AEF1}.AppStore|iPhone.ActiveCfg = Release|Any CPU
		{E34B516D-C0D8-450F-9DB0-BB6A5B04AEF1}.AppStore|iPhone.Build.0 = Release|Any CPU
		{E34B516D-C0D8-450F-9DB0-BB6A5B04AEF1}.AppStore|iPhoneSimulator.ActiveCfg = Release|Any CPU
		{E34B516D-C0D8-450F-9DB0-BB6A5B04AEF1}.AppStore|iPhoneSimulator.Build.0 = Release|Any CPU
		{E34B516D-C0D8-450F-9DB0-BB6A5B04AEF1}.AppStore|x64.ActiveCfg = Release|x64
		{E34B516D-C0D8-450F-9DB0-BB6A5B04AEF1}.AppStore|x64.Build.0 = Release|x64
		{E34B516D-C0D8-450F-9DB0-BB6A5B04AEF1}.AppStore|x86.ActiveCfg = Release|x86
		{E34B516D-C0D8-450F-9DB0-BB6A5B04AEF1}.AppStore|x86.Build.0 = Release|x86
		{E34B516D-C0D8-450F-9DB0-BB6A5B04AEF1}.Debug|Any CPU.ActiveCfg = Debug|Any CPU
		{E34B516D-C0D8-450F-9DB0-BB6A5B04AEF1}.Debug|Any CPU.Build.0 = Debug|Any CPU
		{E34B516D-C0D8-450F-9DB0-BB6A5B04AEF1}.Debug|ARM.ActiveCfg = Debug|ARM
		{E34B516D-C0D8-450F-9DB0-BB6A5B04AEF1}.Debug|ARM.Build.0 = Debug|ARM
		{E34B516D-C0D8-450F-9DB0-BB6A5B04AEF1}.Debug|iPhone.ActiveCfg = Debug|Any CPU
		{E34B516D-C0D8-450F-9DB0-BB6A5B04AEF1}.Debug|iPhone.Build.0 = Debug|Any CPU
		{E34B516D-C0D8-450F-9DB0-BB6A5B04AEF1}.Debug|iPhoneSimulator.ActiveCfg = Debug|Any CPU
		{E34B516D-C0D8-450F-9DB0-BB6A5B04AEF1}.Debug|iPhoneSimulator.Build.0 = Debug|Any CPU
		{E34B516D-C0D8-450F-9DB0-BB6A5B04AEF1}.Debug|x64.ActiveCfg = Debug|x64
		{E34B516D-C0D8-450F-9DB0-BB6A5B04AEF1}.Debug|x64.Build.0 = Debug|x64
		{E34B516D-C0D8-450F-9DB0-BB6A5B04AEF1}.Debug|x86.ActiveCfg = Debug|x86
		{E34B516D-C0D8-450F-9DB0-BB6A5B04AEF1}.Debug|x86.Build.0 = Debug|x86
		{E34B516D-C0D8-450F-9DB0-BB6A5B04AEF1}.Release|Any CPU.ActiveCfg = Release|Any CPU
		{E34B516D-C0D8-450F-9DB0-BB6A5B04AEF1}.Release|Any CPU.Build.0 = Release|Any CPU
		{E34B516D-C0D8-450F-9DB0-BB6A5B04AEF1}.Release|ARM.ActiveCfg = Release|ARM
		{E34B516D-C0D8-450F-9DB0-BB6A5B04AEF1}.Release|ARM.Build.0 = Release|ARM
		{E34B516D-C0D8-450F-9DB0-BB6A5B04AEF1}.Release|iPhone.ActiveCfg = Release|Any CPU
		{E34B516D-C0D8-450F-9DB0-BB6A5B04AEF1}.Release|iPhone.Build.0 = Release|Any CPU
		{E34B516D-C0D8-450F-9DB0-BB6A5B04AEF1}.Release|iPhoneSimulator.ActiveCfg = Release|Any CPU
		{E34B516D-C0D8-450F-9DB0-BB6A5B04AEF1}.Release|iPhoneSimulator.Build.0 = Release|Any CPU
		{E34B516D-C0D8-450F-9DB0-BB6A5B04AEF1}.Release|x64.ActiveCfg = Release|x64
		{E34B516D-C0D8-450F-9DB0-BB6A5B04AEF1}.Release|x64.Build.0 = Release|x64
		{E34B516D-C0D8-450F-9DB0-BB6A5B04AEF1}.Release|x86.ActiveCfg = Release|x86
		{E34B516D-C0D8-450F-9DB0-BB6A5B04AEF1}.Release|x86.Build.0 = Release|x86
		{524779F2-E29E-4BA2-B346-BAA571729A1B}.Ad-Hoc|Any CPU.ActiveCfg = Release|Any CPU
		{524779F2-E29E-4BA2-B346-BAA571729A1B}.Ad-Hoc|Any CPU.Build.0 = Release|Any CPU
		{524779F2-E29E-4BA2-B346-BAA571729A1B}.Ad-Hoc|Any CPU.Deploy.0 = Release|Any CPU
		{524779F2-E29E-4BA2-B346-BAA571729A1B}.Ad-Hoc|ARM.ActiveCfg = Release|Any CPU
		{524779F2-E29E-4BA2-B346-BAA571729A1B}.Ad-Hoc|ARM.Build.0 = Release|Any CPU
		{524779F2-E29E-4BA2-B346-BAA571729A1B}.Ad-Hoc|ARM.Deploy.0 = Release|Any CPU
		{524779F2-E29E-4BA2-B346-BAA571729A1B}.Ad-Hoc|iPhone.ActiveCfg = Release|Any CPU
		{524779F2-E29E-4BA2-B346-BAA571729A1B}.Ad-Hoc|iPhone.Build.0 = Release|Any CPU
		{524779F2-E29E-4BA2-B346-BAA571729A1B}.Ad-Hoc|iPhone.Deploy.0 = Release|Any CPU
		{524779F2-E29E-4BA2-B346-BAA571729A1B}.Ad-Hoc|iPhoneSimulator.ActiveCfg = Release|Any CPU
		{524779F2-E29E-4BA2-B346-BAA571729A1B}.Ad-Hoc|iPhoneSimulator.Build.0 = Release|Any CPU
		{524779F2-E29E-4BA2-B346-BAA571729A1B}.Ad-Hoc|iPhoneSimulator.Deploy.0 = Release|Any CPU
		{524779F2-E29E-4BA2-B346-BAA571729A1B}.Ad-Hoc|x64.ActiveCfg = Release|Any CPU
		{524779F2-E29E-4BA2-B346-BAA571729A1B}.Ad-Hoc|x64.Build.0 = Release|Any CPU
		{524779F2-E29E-4BA2-B346-BAA571729A1B}.Ad-Hoc|x64.Deploy.0 = Release|Any CPU
		{524779F2-E29E-4BA2-B346-BAA571729A1B}.Ad-Hoc|x86.ActiveCfg = Release|Any CPU
		{524779F2-E29E-4BA2-B346-BAA571729A1B}.Ad-Hoc|x86.Build.0 = Release|Any CPU
		{524779F2-E29E-4BA2-B346-BAA571729A1B}.Ad-Hoc|x86.Deploy.0 = Release|Any CPU
		{524779F2-E29E-4BA2-B346-BAA571729A1B}.AppStore|Any CPU.ActiveCfg = Release|Any CPU
		{524779F2-E29E-4BA2-B346-BAA571729A1B}.AppStore|Any CPU.Build.0 = Release|Any CPU
		{524779F2-E29E-4BA2-B346-BAA571729A1B}.AppStore|Any CPU.Deploy.0 = Release|Any CPU
		{524779F2-E29E-4BA2-B346-BAA571729A1B}.AppStore|ARM.ActiveCfg = Release|Any CPU
		{524779F2-E29E-4BA2-B346-BAA571729A1B}.AppStore|ARM.Build.0 = Release|Any CPU
		{524779F2-E29E-4BA2-B346-BAA571729A1B}.AppStore|ARM.Deploy.0 = Release|Any CPU
		{524779F2-E29E-4BA2-B346-BAA571729A1B}.AppStore|iPhone.ActiveCfg = Release|Any CPU
		{524779F2-E29E-4BA2-B346-BAA571729A1B}.AppStore|iPhone.Build.0 = Release|Any CPU
		{524779F2-E29E-4BA2-B346-BAA571729A1B}.AppStore|iPhone.Deploy.0 = Release|Any CPU
		{524779F2-E29E-4BA2-B346-BAA571729A1B}.AppStore|iPhoneSimulator.ActiveCfg = Release|Any CPU
		{524779F2-E29E-4BA2-B346-BAA571729A1B}.AppStore|iPhoneSimulator.Build.0 = Release|Any CPU
		{524779F2-E29E-4BA2-B346-BAA571729A1B}.AppStore|iPhoneSimulator.Deploy.0 = Release|Any CPU
		{524779F2-E29E-4BA2-B346-BAA571729A1B}.AppStore|x64.ActiveCfg = Release|Any CPU
		{524779F2-E29E-4BA2-B346-BAA571729A1B}.AppStore|x64.Build.0 = Release|Any CPU
		{524779F2-E29E-4BA2-B346-BAA571729A1B}.AppStore|x64.Deploy.0 = Release|Any CPU
		{524779F2-E29E-4BA2-B346-BAA571729A1B}.AppStore|x86.ActiveCfg = Release|Any CPU
		{524779F2-E29E-4BA2-B346-BAA571729A1B}.AppStore|x86.Build.0 = Release|Any CPU
		{524779F2-E29E-4BA2-B346-BAA571729A1B}.AppStore|x86.Deploy.0 = Release|Any CPU
		{524779F2-E29E-4BA2-B346-BAA571729A1B}.Debug|Any CPU.ActiveCfg = Debug|Any CPU
		{524779F2-E29E-4BA2-B346-BAA571729A1B}.Debug|Any CPU.Build.0 = Debug|Any CPU
		{524779F2-E29E-4BA2-B346-BAA571729A1B}.Debug|Any CPU.Deploy.0 = Debug|Any CPU
		{524779F2-E29E-4BA2-B346-BAA571729A1B}.Debug|ARM.ActiveCfg = Debug|Any CPU
		{524779F2-E29E-4BA2-B346-BAA571729A1B}.Debug|ARM.Build.0 = Debug|Any CPU
		{524779F2-E29E-4BA2-B346-BAA571729A1B}.Debug|ARM.Deploy.0 = Debug|Any CPU
		{524779F2-E29E-4BA2-B346-BAA571729A1B}.Debug|iPhone.ActiveCfg = Debug|Any CPU
		{524779F2-E29E-4BA2-B346-BAA571729A1B}.Debug|iPhone.Build.0 = Debug|Any CPU
		{524779F2-E29E-4BA2-B346-BAA571729A1B}.Debug|iPhone.Deploy.0 = Debug|Any CPU
		{524779F2-E29E-4BA2-B346-BAA571729A1B}.Debug|iPhoneSimulator.ActiveCfg = Debug|Any CPU
		{524779F2-E29E-4BA2-B346-BAA571729A1B}.Debug|iPhoneSimulator.Build.0 = Debug|Any CPU
		{524779F2-E29E-4BA2-B346-BAA571729A1B}.Debug|iPhoneSimulator.Deploy.0 = Debug|Any CPU
		{524779F2-E29E-4BA2-B346-BAA571729A1B}.Debug|x64.ActiveCfg = Debug|Any CPU
		{524779F2-E29E-4BA2-B346-BAA571729A1B}.Debug|x64.Build.0 = Debug|Any CPU
		{524779F2-E29E-4BA2-B346-BAA571729A1B}.Debug|x64.Deploy.0 = Debug|Any CPU
		{524779F2-E29E-4BA2-B346-BAA571729A1B}.Debug|x86.ActiveCfg = Debug|Any CPU
		{524779F2-E29E-4BA2-B346-BAA571729A1B}.Debug|x86.Build.0 = Debug|Any CPU
		{524779F2-E29E-4BA2-B346-BAA571729A1B}.Debug|x86.Deploy.0 = Debug|Any CPU
		{524779F2-E29E-4BA2-B346-BAA571729A1B}.Release|Any CPU.ActiveCfg = Release|Any CPU
		{524779F2-E29E-4BA2-B346-BAA571729A1B}.Release|Any CPU.Build.0 = Release|Any CPU
		{524779F2-E29E-4BA2-B346-BAA571729A1B}.Release|Any CPU.Deploy.0 = Release|Any CPU
		{524779F2-E29E-4BA2-B346-BAA571729A1B}.Release|ARM.ActiveCfg = Release|Any CPU
		{524779F2-E29E-4BA2-B346-BAA571729A1B}.Release|ARM.Build.0 = Release|Any CPU
		{524779F2-E29E-4BA2-B346-BAA571729A1B}.Release|ARM.Deploy.0 = Release|Any CPU
		{524779F2-E29E-4BA2-B346-BAA571729A1B}.Release|iPhone.ActiveCfg = Release|Any CPU
		{524779F2-E29E-4BA2-B346-BAA571729A1B}.Release|iPhone.Build.0 = Release|Any CPU
		{524779F2-E29E-4BA2-B346-BAA571729A1B}.Release|iPhone.Deploy.0 = Release|Any CPU
		{524779F2-E29E-4BA2-B346-BAA571729A1B}.Release|iPhoneSimulator.ActiveCfg = Release|Any CPU
		{524779F2-E29E-4BA2-B346-BAA571729A1B}.Release|iPhoneSimulator.Build.0 = Release|Any CPU
		{524779F2-E29E-4BA2-B346-BAA571729A1B}.Release|iPhoneSimulator.Deploy.0 = Release|Any CPU
		{524779F2-E29E-4BA2-B346-BAA571729A1B}.Release|x64.ActiveCfg = Release|Any CPU
		{524779F2-E29E-4BA2-B346-BAA571729A1B}.Release|x64.Build.0 = Release|Any CPU
		{524779F2-E29E-4BA2-B346-BAA571729A1B}.Release|x64.Deploy.0 = Release|Any CPU
		{524779F2-E29E-4BA2-B346-BAA571729A1B}.Release|x86.ActiveCfg = Release|Any CPU
		{524779F2-E29E-4BA2-B346-BAA571729A1B}.Release|x86.Build.0 = Release|Any CPU
		{524779F2-E29E-4BA2-B346-BAA571729A1B}.Release|x86.Deploy.0 = Release|Any CPU
		{3CB6619F-44BE-439F-9119-0DB084FC9784}.Ad-Hoc|Any CPU.ActiveCfg = Release|Any CPU
		{3CB6619F-44BE-439F-9119-0DB084FC9784}.Ad-Hoc|Any CPU.Build.0 = Release|Any CPU
		{3CB6619F-44BE-439F-9119-0DB084FC9784}.Ad-Hoc|ARM.ActiveCfg = Release|Any CPU
		{3CB6619F-44BE-439F-9119-0DB084FC9784}.Ad-Hoc|ARM.Build.0 = Release|Any CPU
		{3CB6619F-44BE-439F-9119-0DB084FC9784}.Ad-Hoc|iPhone.ActiveCfg = Release|Any CPU
		{3CB6619F-44BE-439F-9119-0DB084FC9784}.Ad-Hoc|iPhone.Build.0 = Release|Any CPU
		{3CB6619F-44BE-439F-9119-0DB084FC9784}.Ad-Hoc|iPhoneSimulator.ActiveCfg = Release|Any CPU
		{3CB6619F-44BE-439F-9119-0DB084FC9784}.Ad-Hoc|iPhoneSimulator.Build.0 = Release|Any CPU
		{3CB6619F-44BE-439F-9119-0DB084FC9784}.Ad-Hoc|x64.ActiveCfg = Release|Any CPU
		{3CB6619F-44BE-439F-9119-0DB084FC9784}.Ad-Hoc|x64.Build.0 = Release|Any CPU
		{3CB6619F-44BE-439F-9119-0DB084FC9784}.Ad-Hoc|x86.ActiveCfg = Release|Any CPU
		{3CB6619F-44BE-439F-9119-0DB084FC9784}.Ad-Hoc|x86.Build.0 = Release|Any CPU
		{3CB6619F-44BE-439F-9119-0DB084FC9784}.AppStore|Any CPU.ActiveCfg = Release|Any CPU
		{3CB6619F-44BE-439F-9119-0DB084FC9784}.AppStore|Any CPU.Build.0 = Release|Any CPU
		{3CB6619F-44BE-439F-9119-0DB084FC9784}.AppStore|ARM.ActiveCfg = Release|Any CPU
		{3CB6619F-44BE-439F-9119-0DB084FC9784}.AppStore|ARM.Build.0 = Release|Any CPU
		{3CB6619F-44BE-439F-9119-0DB084FC9784}.AppStore|iPhone.ActiveCfg = Release|Any CPU
		{3CB6619F-44BE-439F-9119-0DB084FC9784}.AppStore|iPhone.Build.0 = Release|Any CPU
		{3CB6619F-44BE-439F-9119-0DB084FC9784}.AppStore|iPhoneSimulator.ActiveCfg = Release|Any CPU
		{3CB6619F-44BE-439F-9119-0DB084FC9784}.AppStore|iPhoneSimulator.Build.0 = Release|Any CPU
		{3CB6619F-44BE-439F-9119-0DB084FC9784}.AppStore|x64.ActiveCfg = Release|Any CPU
		{3CB6619F-44BE-439F-9119-0DB084FC9784}.AppStore|x64.Build.0 = Release|Any CPU
		{3CB6619F-44BE-439F-9119-0DB084FC9784}.AppStore|x86.ActiveCfg = Release|Any CPU
		{3CB6619F-44BE-439F-9119-0DB084FC9784}.AppStore|x86.Build.0 = Release|Any CPU
		{3CB6619F-44BE-439F-9119-0DB084FC9784}.Debug|Any CPU.ActiveCfg = Debug|Any CPU
		{3CB6619F-44BE-439F-9119-0DB084FC9784}.Debug|Any CPU.Build.0 = Debug|Any CPU
		{3CB6619F-44BE-439F-9119-0DB084FC9784}.Debug|ARM.ActiveCfg = Debug|Any CPU
		{3CB6619F-44BE-439F-9119-0DB084FC9784}.Debug|ARM.Build.0 = Debug|Any CPU
		{3CB6619F-44BE-439F-9119-0DB084FC9784}.Debug|iPhone.ActiveCfg = Debug|Any CPU
		{3CB6619F-44BE-439F-9119-0DB084FC9784}.Debug|iPhone.Build.0 = Debug|Any CPU
		{3CB6619F-44BE-439F-9119-0DB084FC9784}.Debug|iPhoneSimulator.ActiveCfg = Debug|Any CPU
		{3CB6619F-44BE-439F-9119-0DB084FC9784}.Debug|iPhoneSimulator.Build.0 = Debug|Any CPU
		{3CB6619F-44BE-439F-9119-0DB084FC9784}.Debug|x64.ActiveCfg = Debug|Any CPU
		{3CB6619F-44BE-439F-9119-0DB084FC9784}.Debug|x64.Build.0 = Debug|Any CPU
		{3CB6619F-44BE-439F-9119-0DB084FC9784}.Debug|x86.ActiveCfg = Debug|Any CPU
		{3CB6619F-44BE-439F-9119-0DB084FC9784}.Debug|x86.Build.0 = Debug|Any CPU
		{3CB6619F-44BE-439F-9119-0DB084FC9784}.Release|Any CPU.ActiveCfg = Release|Any CPU
		{3CB6619F-44BE-439F-9119-0DB084FC9784}.Release|Any CPU.Build.0 = Release|Any CPU
		{3CB6619F-44BE-439F-9119-0DB084FC9784}.Release|ARM.ActiveCfg = Release|Any CPU
		{3CB6619F-44BE-439F-9119-0DB084FC9784}.Release|ARM.Build.0 = Release|Any CPU
		{3CB6619F-44BE-439F-9119-0DB084FC9784}.Release|iPhone.ActiveCfg = Release|Any CPU
		{3CB6619F-44BE-439F-9119-0DB084FC9784}.Release|iPhone.Build.0 = Release|Any CPU
		{3CB6619F-44BE-439F-9119-0DB084FC9784}.Release|iPhoneSimulator.ActiveCfg = Release|Any CPU
		{3CB6619F-44BE-439F-9119-0DB084FC9784}.Release|iPhoneSimulator.Build.0 = Release|Any CPU
		{3CB6619F-44BE-439F-9119-0DB084FC9784}.Release|x64.ActiveCfg = Release|Any CPU
		{3CB6619F-44BE-439F-9119-0DB084FC9784}.Release|x64.Build.0 = Release|Any CPU
		{3CB6619F-44BE-439F-9119-0DB084FC9784}.Release|x86.ActiveCfg = Release|Any CPU
		{3CB6619F-44BE-439F-9119-0DB084FC9784}.Release|x86.Build.0 = Release|Any CPU
		{48BCB86C-151B-4385-B315-317F434F4218}.Ad-Hoc|Any CPU.ActiveCfg = Release|x86
		{48BCB86C-151B-4385-B315-317F434F4218}.Ad-Hoc|Any CPU.Build.0 = Release|x86
		{48BCB86C-151B-4385-B315-317F434F4218}.Ad-Hoc|Any CPU.Deploy.0 = Release|x86
		{48BCB86C-151B-4385-B315-317F434F4218}.Ad-Hoc|ARM.ActiveCfg = Release|ARM
		{48BCB86C-151B-4385-B315-317F434F4218}.Ad-Hoc|ARM.Build.0 = Release|ARM
		{48BCB86C-151B-4385-B315-317F434F4218}.Ad-Hoc|ARM.Deploy.0 = Release|ARM
		{48BCB86C-151B-4385-B315-317F434F4218}.Ad-Hoc|iPhone.ActiveCfg = Release|x86
		{48BCB86C-151B-4385-B315-317F434F4218}.Ad-Hoc|iPhone.Build.0 = Release|x86
		{48BCB86C-151B-4385-B315-317F434F4218}.Ad-Hoc|iPhone.Deploy.0 = Release|x86
		{48BCB86C-151B-4385-B315-317F434F4218}.Ad-Hoc|iPhoneSimulator.ActiveCfg = Release|x86
		{48BCB86C-151B-4385-B315-317F434F4218}.Ad-Hoc|iPhoneSimulator.Build.0 = Release|x86
		{48BCB86C-151B-4385-B315-317F434F4218}.Ad-Hoc|iPhoneSimulator.Deploy.0 = Release|x86
		{48BCB86C-151B-4385-B315-317F434F4218}.Ad-Hoc|x64.ActiveCfg = Release|x64
		{48BCB86C-151B-4385-B315-317F434F4218}.Ad-Hoc|x64.Build.0 = Release|x64
		{48BCB86C-151B-4385-B315-317F434F4218}.Ad-Hoc|x64.Deploy.0 = Release|x64
		{48BCB86C-151B-4385-B315-317F434F4218}.Ad-Hoc|x86.ActiveCfg = Release|x86
		{48BCB86C-151B-4385-B315-317F434F4218}.Ad-Hoc|x86.Build.0 = Release|x86
		{48BCB86C-151B-4385-B315-317F434F4218}.Ad-Hoc|x86.Deploy.0 = Release|x86
		{48BCB86C-151B-4385-B315-317F434F4218}.AppStore|Any CPU.ActiveCfg = Release|x86
		{48BCB86C-151B-4385-B315-317F434F4218}.AppStore|Any CPU.Build.0 = Release|x86
		{48BCB86C-151B-4385-B315-317F434F4218}.AppStore|Any CPU.Deploy.0 = Release|x86
		{48BCB86C-151B-4385-B315-317F434F4218}.AppStore|ARM.ActiveCfg = Release|ARM
		{48BCB86C-151B-4385-B315-317F434F4218}.AppStore|ARM.Build.0 = Release|ARM
		{48BCB86C-151B-4385-B315-317F434F4218}.AppStore|ARM.Deploy.0 = Release|ARM
		{48BCB86C-151B-4385-B315-317F434F4218}.AppStore|iPhone.ActiveCfg = Release|x86
		{48BCB86C-151B-4385-B315-317F434F4218}.AppStore|iPhone.Build.0 = Release|x86
		{48BCB86C-151B-4385-B315-317F434F4218}.AppStore|iPhone.Deploy.0 = Release|x86
		{48BCB86C-151B-4385-B315-317F434F4218}.AppStore|iPhoneSimulator.ActiveCfg = Release|x86
		{48BCB86C-151B-4385-B315-317F434F4218}.AppStore|iPhoneSimulator.Build.0 = Release|x86
		{48BCB86C-151B-4385-B315-317F434F4218}.AppStore|iPhoneSimulator.Deploy.0 = Release|x86
		{48BCB86C-151B-4385-B315-317F434F4218}.AppStore|x64.ActiveCfg = Release|x64
		{48BCB86C-151B-4385-B315-317F434F4218}.AppStore|x64.Build.0 = Release|x64
		{48BCB86C-151B-4385-B315-317F434F4218}.AppStore|x64.Deploy.0 = Release|x64
		{48BCB86C-151B-4385-B315-317F434F4218}.AppStore|x86.ActiveCfg = Release|x86
		{48BCB86C-151B-4385-B315-317F434F4218}.AppStore|x86.Build.0 = Release|x86
		{48BCB86C-151B-4385-B315-317F434F4218}.AppStore|x86.Deploy.0 = Release|x86
		{48BCB86C-151B-4385-B315-317F434F4218}.Debug|Any CPU.ActiveCfg = Debug|x86
		{48BCB86C-151B-4385-B315-317F434F4218}.Debug|ARM.ActiveCfg = Debug|ARM
		{48BCB86C-151B-4385-B315-317F434F4218}.Debug|ARM.Build.0 = Debug|ARM
		{48BCB86C-151B-4385-B315-317F434F4218}.Debug|ARM.Deploy.0 = Debug|ARM
		{48BCB86C-151B-4385-B315-317F434F4218}.Debug|iPhone.ActiveCfg = Debug|x86
		{48BCB86C-151B-4385-B315-317F434F4218}.Debug|iPhoneSimulator.ActiveCfg = Debug|x86
		{48BCB86C-151B-4385-B315-317F434F4218}.Debug|x64.ActiveCfg = Debug|x64
		{48BCB86C-151B-4385-B315-317F434F4218}.Debug|x64.Build.0 = Debug|x64
		{48BCB86C-151B-4385-B315-317F434F4218}.Debug|x64.Deploy.0 = Debug|x64
		{48BCB86C-151B-4385-B315-317F434F4218}.Debug|x86.ActiveCfg = Debug|x86
		{48BCB86C-151B-4385-B315-317F434F4218}.Debug|x86.Build.0 = Debug|x86
		{48BCB86C-151B-4385-B315-317F434F4218}.Debug|x86.Deploy.0 = Debug|x86
		{48BCB86C-151B-4385-B315-317F434F4218}.Release|Any CPU.ActiveCfg = Release|x86
		{48BCB86C-151B-4385-B315-317F434F4218}.Release|ARM.ActiveCfg = Release|ARM
		{48BCB86C-151B-4385-B315-317F434F4218}.Release|ARM.Build.0 = Release|ARM
		{48BCB86C-151B-4385-B315-317F434F4218}.Release|ARM.Deploy.0 = Release|ARM
		{48BCB86C-151B-4385-B315-317F434F4218}.Release|iPhone.ActiveCfg = Release|x86
		{48BCB86C-151B-4385-B315-317F434F4218}.Release|iPhoneSimulator.ActiveCfg = Release|x86
		{48BCB86C-151B-4385-B315-317F434F4218}.Release|x64.ActiveCfg = Release|x64
		{48BCB86C-151B-4385-B315-317F434F4218}.Release|x64.Build.0 = Release|x64
		{48BCB86C-151B-4385-B315-317F434F4218}.Release|x64.Deploy.0 = Release|x64
		{48BCB86C-151B-4385-B315-317F434F4218}.Release|x86.ActiveCfg = Release|x86
		{48BCB86C-151B-4385-B315-317F434F4218}.Release|x86.Build.0 = Release|x86
		{48BCB86C-151B-4385-B315-317F434F4218}.Release|x86.Deploy.0 = Release|x86
		{FA3C97AC-3E34-4566-A146-CE8B49669AC8}.Ad-Hoc|Any CPU.ActiveCfg = Ad-Hoc|iPhone
		{FA3C97AC-3E34-4566-A146-CE8B49669AC8}.Ad-Hoc|ARM.ActiveCfg = Ad-Hoc|iPhone
		{FA3C97AC-3E34-4566-A146-CE8B49669AC8}.Ad-Hoc|iPhone.ActiveCfg = Ad-Hoc|iPhone
		{FA3C97AC-3E34-4566-A146-CE8B49669AC8}.Ad-Hoc|iPhone.Build.0 = Ad-Hoc|iPhone
		{FA3C97AC-3E34-4566-A146-CE8B49669AC8}.Ad-Hoc|iPhoneSimulator.ActiveCfg = Ad-Hoc|iPhoneSimulator
		{FA3C97AC-3E34-4566-A146-CE8B49669AC8}.Ad-Hoc|iPhoneSimulator.Build.0 = Ad-Hoc|iPhoneSimulator
		{FA3C97AC-3E34-4566-A146-CE8B49669AC8}.Ad-Hoc|x64.ActiveCfg = Ad-Hoc|iPhone
		{FA3C97AC-3E34-4566-A146-CE8B49669AC8}.Ad-Hoc|x86.ActiveCfg = Ad-Hoc|iPhone
		{FA3C97AC-3E34-4566-A146-CE8B49669AC8}.AppStore|Any CPU.ActiveCfg = AppStore|iPhone
		{FA3C97AC-3E34-4566-A146-CE8B49669AC8}.AppStore|ARM.ActiveCfg = AppStore|iPhone
		{FA3C97AC-3E34-4566-A146-CE8B49669AC8}.AppStore|iPhone.ActiveCfg = AppStore|iPhone
		{FA3C97AC-3E34-4566-A146-CE8B49669AC8}.AppStore|iPhone.Build.0 = AppStore|iPhone
		{FA3C97AC-3E34-4566-A146-CE8B49669AC8}.AppStore|iPhoneSimulator.ActiveCfg = AppStore|iPhoneSimulator
		{FA3C97AC-3E34-4566-A146-CE8B49669AC8}.AppStore|iPhoneSimulator.Build.0 = AppStore|iPhoneSimulator
		{FA3C97AC-3E34-4566-A146-CE8B49669AC8}.AppStore|x64.ActiveCfg = AppStore|iPhone
		{FA3C97AC-3E34-4566-A146-CE8B49669AC8}.AppStore|x86.ActiveCfg = AppStore|iPhone
		{FA3C97AC-3E34-4566-A146-CE8B49669AC8}.Debug|Any CPU.ActiveCfg = Debug|iPhone
		{FA3C97AC-3E34-4566-A146-CE8B49669AC8}.Debug|ARM.ActiveCfg = Debug|iPhone
		{FA3C97AC-3E34-4566-A146-CE8B49669AC8}.Debug|iPhone.ActiveCfg = Debug|iPhone
		{FA3C97AC-3E34-4566-A146-CE8B49669AC8}.Debug|iPhone.Build.0 = Debug|iPhone
		{FA3C97AC-3E34-4566-A146-CE8B49669AC8}.Debug|iPhoneSimulator.ActiveCfg = Debug|iPhoneSimulator
		{FA3C97AC-3E34-4566-A146-CE8B49669AC8}.Debug|iPhoneSimulator.Build.0 = Debug|iPhoneSimulator
		{FA3C97AC-3E34-4566-A146-CE8B49669AC8}.Debug|x64.ActiveCfg = Debug|iPhone
		{FA3C97AC-3E34-4566-A146-CE8B49669AC8}.Debug|x86.ActiveCfg = Debug|iPhone
		{FA3C97AC-3E34-4566-A146-CE8B49669AC8}.Release|Any CPU.ActiveCfg = Release|iPhone
		{FA3C97AC-3E34-4566-A146-CE8B49669AC8}.Release|ARM.ActiveCfg = Release|iPhone
		{FA3C97AC-3E34-4566-A146-CE8B49669AC8}.Release|iPhone.ActiveCfg = Release|iPhone
		{FA3C97AC-3E34-4566-A146-CE8B49669AC8}.Release|iPhone.Build.0 = Release|iPhone
		{FA3C97AC-3E34-4566-A146-CE8B49669AC8}.Release|iPhoneSimulator.ActiveCfg = Release|iPhoneSimulator
		{FA3C97AC-3E34-4566-A146-CE8B49669AC8}.Release|iPhoneSimulator.Build.0 = Release|iPhoneSimulator
		{FA3C97AC-3E34-4566-A146-CE8B49669AC8}.Release|x64.ActiveCfg = Release|iPhone
		{FA3C97AC-3E34-4566-A146-CE8B49669AC8}.Release|x86.ActiveCfg = Release|iPhone
	EndGlobalSection
	GlobalSection(SolutionProperties) = preSolution
		HideSolutionNode = FALSE
	EndGlobalSection
	GlobalSection(NestedProjects) = preSolution
		{524779F2-E29E-4BA2-B346-BAA571729A1B} = {C0F5B5EB-7F18-4FA2-8C5C-47ACF76F11A5}
		{3CB6619F-44BE-439F-9119-0DB084FC9784} = {C0F5B5EB-7F18-4FA2-8C5C-47ACF76F11A5}
		{48BCB86C-151B-4385-B315-317F434F4218} = {C0F5B5EB-7F18-4FA2-8C5C-47ACF76F11A5}
		{FA3C97AC-3E34-4566-A146-CE8B49669AC8} = {C0F5B5EB-7F18-4FA2-8C5C-47ACF76F11A5}
	EndGlobalSection
EndGlobal
