
Microsoft Visual Studio Solution File, Format Version 12.00
# Visual Studio Version 16
VisualStudioVersion = 16.0.30002.166
MinimumVisualStudioVersion = 10.0.40219.1
Project("{9A19103F-16F7-4668-BE54-9A1E7A4F7556}") = "Plugin.FirebasePushNotification", "Plugin.FirebasePushNotification\Plugin.FirebasePushNotification.csproj", "{A6FCEF44-D2BA-42C7-B3CB-13667BCD7B54}"
EndProject
Project("{2150E333-8FDC-42A3-9474-1A3956D46DE8}") = "SolutionItems", "SolutionItems", "{EBB1F561-ED88-40AD-A76A-C9AC331FC6FE}"
	ProjectSection(SolutionItems) = preProject
		cd-pipeline.yml = cd-pipeline.yml
		ci-pipeline.yml = ci-pipeline.yml
		Directory.build.props = Directory.build.props
		Directory.build.targets = Directory.build.targets
		global.json = global.json
	EndProjectSection
EndProject
Project("{2150E333-8FDC-42A3-9474-1A3956D46DE8}") = "Samples", "Samples", "{B2390FE8-170A-467A-B4F1-9939609BA01B}"
	ProjectSection(SolutionItems) = preProject
		Samples\Directory.build.props = Samples\Directory.build.props
		Samples\Directory.build.targets = Samples\Directory.build.targets
	EndProjectSection
EndProject
Project("{9A19103F-16F7-4668-BE54-9A1E7A4F7556}") = "FirebasePushSample", "Samples\FirebasePushSample\FirebasePushSample.csproj", "{980092DB-4DC0-49FA-A577-F6FC83B79F88}"
EndProject
Project("{FAE04EC0-301F-11D3-BF4B-00C04F79EFBC}") = "FirebasePushSample.Android", "Samples\FirebasePushSample.Android\FirebasePushSample.Android.csproj", "{524779F2-E29E-4BA2-B346-BAA571729A1B}"
EndProject
Project("{FAE04EC0-301F-11D3-BF4B-00C04F79EFBC}") = "FirebasePushSample.iOS", "Samples\FirebasePushSample.iOS\FirebasePushSample.iOS.csproj", "{FA3C97AC-3E34-4566-A146-CE8B49669AC8}"
EndProject
Project("{FAE04EC0-301F-11D3-BF4B-00C04F79EFBC}") = "FirebasePushSample.UWP", "Samples\FirebasePushSample.UWP\FirebasePushSample.UWP.csproj", "{48BCB86C-151B-4385-B315-317F434F4218}"
EndProject
Global
	GlobalSection(SolutionConfigurationPlatforms) = preSolution
		Ad-Hoc|Any CPU = Ad-Hoc|Any CPU
		Ad-Hoc|ARM = Ad-Hoc|ARM
		Ad-Hoc|iPhone = Ad-Hoc|iPhone
		Ad-Hoc|iPhoneSimulator = Ad-Hoc|iPhoneSimulator
		Ad-Hoc|x64 = Ad-Hoc|x64
		Ad-Hoc|x86 = Ad-Hoc|x86
		AppStore|Any CPU = AppStore|Any CPU
		AppStore|ARM = AppStore|ARM
		AppStore|iPhone = AppStore|iPhone
		AppStore|iPhoneSimulator = AppStore|iPhoneSimulator
		AppStore|x64 = AppStore|x64
		AppStore|x86 = AppStore|x86
		Debug|Any CPU = Debug|Any CPU
		Debug|ARM = Debug|ARM
		Debug|iPhone = Debug|iPhone
		Debug|iPhoneSimulator = Debug|iPhoneSimulator
		Debug|x64 = Debug|x64
		Debug|x86 = Debug|x86
		Release|Any CPU = Release|Any CPU
		Release|ARM = Release|ARM
		Release|iPhone = Release|iPhone
		Release|iPhoneSimulator = Release|iPhoneSimulator
		Release|x64 = Release|x64
		Release|x86 = Release|x86
	EndGlobalSection
	GlobalSection(ProjectConfigurationPlatforms) = postSolution
		{A6FCEF44-D2BA-42C7-B3CB-13667BCD7B54}.Ad-Hoc|Any CPU.ActiveCfg = Release|Any CPU
		{A6FCEF44-D2BA-42C7-B3CB-13667BCD7B54}.Ad-Hoc|Any CPU.Build.0 = Release|Any CPU
		{A6FCEF44-D2BA-42C7-B3CB-13667BCD7B54}.Ad-Hoc|ARM.ActiveCfg = Release|Any CPU
		{A6FCEF44-D2BA-42C7-B3CB-13667BCD7B54}.Ad-Hoc|ARM.Build.0 = Release|Any CPU
		{A6FCEF44-D2BA-42C7-B3CB-13667BCD7B54}.Ad-Hoc|iPhone.ActiveCfg = Release|Any CPU
		{A6FCEF44-D2BA-42C7-B3CB-13667BCD7B54}.Ad-Hoc|iPhone.Build.0 = Release|Any CPU
		{A6FCEF44-D2BA-42C7-B3CB-13667BCD7B54}.Ad-Hoc|iPhoneSimulator.ActiveCfg = Release|Any CPU
		{A6FCEF44-D2BA-42C7-B3CB-13667BCD7B54}.Ad-Hoc|iPhoneSimulator.Build.0 = Release|Any CPU
		{A6FCEF44-D2BA-42C7-B3CB-13667BCD7B54}.Ad-Hoc|x64.ActiveCfg = Release|Any CPU
		{A6FCEF44-D2BA-42C7-B3CB-13667BCD7B54}.Ad-Hoc|x64.Build.0 = Release|Any CPU
		{A6FCEF44-D2BA-42C7-B3CB-13667BCD7B54}.Ad-Hoc|x86.ActiveCfg = Release|Any CPU
		{A6FCEF44-D2BA-42C7-B3CB-13667BCD7B54}.Ad-Hoc|x86.Build.0 = Release|Any CPU
		{A6FCEF44-D2BA-42C7-B3CB-13667BCD7B54}.AppStore|Any CPU.ActiveCfg = Release|Any CPU
		{A6FCEF44-D2BA-42C7-B3CB-13667BCD7B54}.AppStore|Any CPU.Build.0 = Release|Any CPU
		{A6FCEF44-D2BA-42C7-B3CB-13667BCD7B54}.AppStore|ARM.ActiveCfg = Release|Any CPU
		{A6FCEF44-D2BA-42C7-B3CB-13667BCD7B54}.AppStore|ARM.Build.0 = Release|Any CPU
		{A6FCEF44-D2BA-42C7-B3CB-13667BCD7B54}.AppStore|iPhone.ActiveCfg = Release|Any CPU
		{A6FCEF44-D2BA-42C7-B3CB-13667BCD7B54}.AppStore|iPhone.Build.0 = Release|Any CPU
		{A6FCEF44-D2BA-42C7-B3CB-13667BCD7B54}.AppStore|iPhoneSimulator.ActiveCfg = Release|Any CPU
		{A6FCEF44-D2BA-42C7-B3CB-13667BCD7B54}.AppStore|iPhoneSimulator.Build.0 = Release|Any CPU
		{A6FCEF44-D2BA-42C7-B3CB-13667BCD7B54}.AppStore|x64.ActiveCfg = Release|Any CPU
		{A6FCEF44-D2BA-42C7-B3CB-13667BCD7B54}.AppStore|x64.Build.0 = Release|Any CPU
		{A6FCEF44-D2BA-42C7-B3CB-13667BCD7B54}.AppStore|x86.ActiveCfg = Release|Any CPU
		{A6FCEF44-D2BA-42C7-B3CB-13667BCD7B54}.AppStore|x86.Build.0 = Release|Any CPU
		{A6FCEF44-D2BA-42C7-B3CB-13667BCD7B54}.Debug|Any CPU.ActiveCfg = Debug|Any CPU
		{A6FCEF44-D2BA-42C7-B3CB-13667BCD7B54}.Debug|Any CPU.Build.0 = Debug|Any CPU
		{A6FCEF44-D2BA-42C7-B3CB-13667BCD7B54}.Debug|ARM.ActiveCfg = Debug|Any CPU
		{A6FCEF44-D2BA-42C7-B3CB-13667BCD7B54}.Debug|ARM.Build.0 = Debug|Any CPU
		{A6FCEF44-D2BA-42C7-B3CB-13667BCD7B54}.Debug|iPhone.ActiveCfg = Debug|Any CPU
		{A6FCEF44-D2BA-42C7-B3CB-13667BCD7B54}.Debug|iPhone.Build.0 = Debug|Any CPU
		{A6FCEF44-D2BA-42C7-B3CB-13667BCD7B54}.Debug|iPhoneSimulator.ActiveCfg = Debug|Any CPU
		{A6FCEF44-D2BA-42C7-B3CB-13667BCD7B54}.Debug|iPhoneSimulator.Build.0 = Debug|Any CPU
		{A6FCEF44-D2BA-42C7-B3CB-13667BCD7B54}.Debug|x64.ActiveCfg = Debug|Any CPU
		{A6FCEF44-D2BA-42C7-B3CB-13667BCD7B54}.Debug|x64.Build.0 = Debug|Any CPU
		{A6FCEF44-D2BA-42C7-B3CB-13667BCD7B54}.Debug|x86.ActiveCfg = Debug|Any CPU
		{A6FCEF44-D2BA-42C7-B3CB-13667BCD7B54}.Debug|x86.Build.0 = Debug|Any CPU
		{A6FCEF44-D2BA-42C7-B3CB-13667BCD7B54}.Release|Any CPU.ActiveCfg = Release|Any CPU
		{A6FCEF44-D2BA-42C7-B3CB-13667BCD7B54}.Release|Any CPU.Build.0 = Release|Any CPU
		{A6FCEF44-D2BA-42C7-B3CB-13667BCD7B54}.Release|ARM.ActiveCfg = Release|Any CPU
		{A6FCEF44-D2BA-42C7-B3CB-13667BCD7B54}.Release|ARM.Build.0 = Release|Any CPU
		{A6FCEF44-D2BA-42C7-B3CB-13667BCD7B54}.Release|iPhone.ActiveCfg = Release|Any CPU
		{A6FCEF44-D2BA-42C7-B3CB-13667BCD7B54}.Release|iPhone.Build.0 = Release|Any CPU
		{A6FCEF44-D2BA-42C7-B3CB-13667BCD7B54}.Release|iPhoneSimulator.ActiveCfg = Release|Any CPU
		{A6FCEF44-D2BA-42C7-B3CB-13667BCD7B54}.Release|iPhoneSimulator.Build.0 = Release|Any CPU
		{A6FCEF44-D2BA-42C7-B3CB-13667BCD7B54}.Release|x64.ActiveCfg = Release|Any CPU
		{A6FCEF44-D2BA-42C7-B3CB-13667BCD7B54}.Release|x64.Build.0 = Release|Any CPU
		{A6FCEF44-D2BA-42C7-B3CB-13667BCD7B54}.Release|x86.ActiveCfg = Release|Any CPU
		{A6FCEF44-D2BA-42C7-B3CB-13667BCD7B54}.Release|x86.Build.0 = Release|Any CPU
		{980092DB-4DC0-49FA-A577-F6FC83B79F88}.Ad-Hoc|Any CPU.ActiveCfg = Debug|Any CPU
		{980092DB-4DC0-49FA-A577-F6FC83B79F88}.Ad-Hoc|Any CPU.Build.0 = Debug|Any CPU
		{980092DB-4DC0-49FA-A577-F6FC83B79F88}.Ad-Hoc|ARM.ActiveCfg = Debug|Any CPU
		{980092DB-4DC0-49FA-A577-F6FC83B79F88}.Ad-Hoc|ARM.Build.0 = Debug|Any CPU
		{980092DB-4DC0-49FA-A577-F6FC83B79F88}.Ad-Hoc|iPhone.ActiveCfg = Debug|Any CPU
		{980092DB-4DC0-49FA-A577-F6FC83B79F88}.Ad-Hoc|iPhone.Build.0 = Debug|Any CPU
		{980092DB-4DC0-49FA-A577-F6FC83B79F88}.Ad-Hoc|iPhoneSimulator.ActiveCfg = Debug|Any CPU
		{980092DB-4DC0-49FA-A577-F6FC83B79F88}.Ad-Hoc|iPhoneSimulator.Build.0 = Debug|Any CPU
		{980092DB-4DC0-49FA-A577-F6FC83B79F88}.Ad-Hoc|x64.ActiveCfg = Debug|Any CPU
		{980092DB-4DC0-49FA-A577-F6FC83B79F88}.Ad-Hoc|x64.Build.0 = Debug|Any CPU
		{980092DB-4DC0-49FA-A577-F6FC83B79F88}.Ad-Hoc|x86.ActiveCfg = Debug|Any CPU
		{980092DB-4DC0-49FA-A577-F6FC83B79F88}.Ad-Hoc|x86.Build.0 = Debug|Any CPU
		{980092DB-4DC0-49FA-A577-F6FC83B79F88}.AppStore|Any CPU.ActiveCfg = Debug|Any CPU
		{980092DB-4DC0-49FA-A577-F6FC83B79F88}.AppStore|Any CPU.Build.0 = Debug|Any CPU
		{980092DB-4DC0-49FA-A577-F6FC83B79F88}.AppStore|ARM.ActiveCfg = Debug|Any CPU
		{980092DB-4DC0-49FA-A577-F6FC83B79F88}.AppStore|ARM.Build.0 = Debug|Any CPU
		{980092DB-4DC0-49FA-A577-F6FC83B79F88}.AppStore|iPhone.ActiveCfg = Debug|Any CPU
		{980092DB-4DC0-49FA-A577-F6FC83B79F88}.AppStore|iPhone.Build.0 = Debug|Any CPU
		{980092DB-4DC0-49FA-A577-F6FC83B79F88}.AppStore|iPhoneSimulator.ActiveCfg = Debug|Any CPU
		{980092DB-4DC0-49FA-A577-F6FC83B79F88}.AppStore|iPhoneSimulator.Build.0 = Debug|Any CPU
		{980092DB-4DC0-49FA-A577-F6FC83B79F88}.AppStore|x64.ActiveCfg = Debug|Any CPU
		{980092DB-4DC0-49FA-A577-F6FC83B79F88}.AppStore|x64.Build.0 = Debug|Any CPU
		{980092DB-4DC0-49FA-A577-F6FC83B79F88}.AppStore|x86.ActiveCfg = Debug|Any CPU
		{980092DB-4DC0-49FA-A577-F6FC83B79F88}.AppStore|x86.Build.0 = Debug|Any CPU
		{980092DB-4DC0-49FA-A577-F6FC83B79F88}.Debug|Any CPU.ActiveCfg = Debug|Any CPU
		{980092DB-4DC0-49FA-A577-F6FC83B79F88}.Debug|Any CPU.Build.0 = Debug|Any CPU
		{980092DB-4DC0-49FA-A577-F6FC83B79F88}.Debug|ARM.ActiveCfg = Debug|Any CPU
		{980092DB-4DC0-49FA-A577-F6FC83B79F88}.Debug|ARM.Build.0 = Debug|Any CPU
		{980092DB-4DC0-49FA-A577-F6FC83B79F88}.Debug|iPhone.ActiveCfg = Debug|Any CPU
		{980092DB-4DC0-49FA-A577-F6FC83B79F88}.Debug|iPhone.Build.0 = Debug|Any CPU
		{980092DB-4DC0-49FA-A577-F6FC83B79F88}.Debug|iPhoneSimulator.ActiveCfg = Debug|Any CPU
		{980092DB-4DC0-49FA-A577-F6FC83B79F88}.Debug|iPhoneSimulator.Build.0 = Debug|Any CPU
		{980092DB-4DC0-49FA-A577-F6FC83B79F88}.Debug|x64.ActiveCfg = Debug|Any CPU
		{980092DB-4DC0-49FA-A577-F6FC83B79F88}.Debug|x64.Build.0 = Debug|Any CPU
		{980092DB-4DC0-49FA-A577-F6FC83B79F88}.Debug|x86.ActiveCfg = Debug|Any CPU
		{980092DB-4DC0-49FA-A577-F6FC83B79F88}.Debug|x86.Build.0 = Debug|Any CPU
		{980092DB-4DC0-49FA-A577-F6FC83B79F88}.Release|Any CPU.ActiveCfg = Release|Any CPU
		{980092DB-4DC0-49FA-A577-F6FC83B79F88}.Release|ARM.ActiveCfg = Release|Any CPU
		{980092DB-4DC0-49FA-A577-F6FC83B79F88}.Release|ARM.Build.0 = Release|Any CPU
		{980092DB-4DC0-49FA-A577-F6FC83B79F88}.Release|iPhone.ActiveCfg = Release|Any CPU
		{980092DB-4DC0-49FA-A577-F6FC83B79F88}.Release|iPhone.Build.0 = Release|Any CPU
		{980092DB-4DC0-49FA-A577-F6FC83B79F88}.Release|iPhoneSimulator.ActiveCfg = Release|Any CPU
		{980092DB-4DC0-49FA-A577-F6FC83B79F88}.Release|iPhoneSimulator.Build.0 = Release|Any CPU
		{980092DB-4DC0-49FA-A577-F6FC83B79F88}.Release|x64.ActiveCfg = Release|Any CPU
		{980092DB-4DC0-49FA-A577-F6FC83B79F88}.Release|x64.Build.0 = Release|Any CPU
		{980092DB-4DC0-49FA-A577-F6FC83B79F88}.Release|x86.ActiveCfg = Release|Any CPU
		{980092DB-4DC0-49FA-A577-F6FC83B79F88}.Release|x86.Build.0 = Release|Any CPU
		{524779F2-E29E-4BA2-B346-BAA571729A1B}.Ad-Hoc|Any CPU.ActiveCfg = Release|Any CPU
		{524779F2-E29E-4BA2-B346-BAA571729A1B}.Ad-Hoc|Any CPU.Build.0 = Release|Any CPU
		{524779F2-E29E-4BA2-B346-BAA571729A1B}.Ad-Hoc|Any CPU.Deploy.0 = Release|Any CPU
		{524779F2-E29E-4BA2-B346-BAA571729A1B}.Ad-Hoc|ARM.ActiveCfg = Release|Any CPU
		{524779F2-E29E-4BA2-B346-BAA571729A1B}.Ad-Hoc|ARM.Build.0 = Release|Any CPU
		{524779F2-E29E-4BA2-B346-BAA571729A1B}.Ad-Hoc|ARM.Deploy.0 = Release|Any CPU
		{524779F2-E29E-4BA2-B346-BAA571729A1B}.Ad-Hoc|iPhone.ActiveCfg = Release|Any CPU
		{524779F2-E29E-4BA2-B346-BAA571729A1B}.Ad-Hoc|iPhone.Build.0 = Release|Any CPU
		{524779F2-E29E-4BA2-B346-BAA571729A1B}.Ad-Hoc|iPhone.Deploy.0 = Release|Any CPU
		{524779F2-E29E-4BA2-B346-BAA571729A1B}.Ad-Hoc|iPhoneSimulator.ActiveCfg = Release|Any CPU
		{524779F2-E29E-4BA2-B346-BAA571729A1B}.Ad-Hoc|iPhoneSimulator.Build.0 = Release|Any CPU
		{524779F2-E29E-4BA2-B346-BAA571729A1B}.Ad-Hoc|iPhoneSimulator.Deploy.0 = Release|Any CPU
		{524779F2-E29E-4BA2-B346-BAA571729A1B}.Ad-Hoc|x64.ActiveCfg = Release|Any CPU
		{524779F2-E29E-4BA2-B346-BAA571729A1B}.Ad-Hoc|x64.Build.0 = Release|Any CPU
		{524779F2-E29E-4BA2-B346-BAA571729A1B}.Ad-Hoc|x64.Deploy.0 = Release|Any CPU
		{524779F2-E29E-4BA2-B346-BAA571729A1B}.Ad-Hoc|x86.ActiveCfg = Release|Any CPU
		{524779F2-E29E-4BA2-B346-BAA571729A1B}.Ad-Hoc|x86.Build.0 = Release|Any CPU
		{524779F2-E29E-4BA2-B346-BAA571729A1B}.Ad-Hoc|x86.Deploy.0 = Release|Any CPU
		{524779F2-E29E-4BA2-B346-BAA571729A1B}.AppStore|Any CPU.ActiveCfg = Release|Any CPU
		{524779F2-E29E-4BA2-B346-BAA571729A1B}.AppStore|Any CPU.Build.0 = Release|Any CPU
		{524779F2-E29E-4BA2-B346-BAA571729A1B}.AppStore|Any CPU.Deploy.0 = Release|Any CPU
		{524779F2-E29E-4BA2-B346-BAA571729A1B}.AppStore|ARM.ActiveCfg = Release|Any CPU
		{524779F2-E29E-4BA2-B346-BAA571729A1B}.AppStore|ARM.Build.0 = Release|Any CPU
		{524779F2-E29E-4BA2-B346-BAA571729A1B}.AppStore|ARM.Deploy.0 = Release|Any CPU
		{524779F2-E29E-4BA2-B346-BAA571729A1B}.AppStore|iPhone.ActiveCfg = Release|Any CPU
		{524779F2-E29E-4BA2-B346-BAA571729A1B}.AppStore|iPhone.Build.0 = Release|Any CPU
		{524779F2-E29E-4BA2-B346-BAA571729A1B}.AppStore|iPhone.Deploy.0 = Release|Any CPU
		{524779F2-E29E-4BA2-B346-BAA571729A1B}.AppStore|iPhoneSimulator.ActiveCfg = Release|Any CPU
		{524779F2-E29E-4BA2-B346-BAA571729A1B}.AppStore|iPhoneSimulator.Build.0 = Release|Any CPU
		{524779F2-E29E-4BA2-B346-BAA571729A1B}.AppStore|iPhoneSimulator.Deploy.0 = Release|Any CPU
		{524779F2-E29E-4BA2-B346-BAA571729A1B}.AppStore|x64.ActiveCfg = Release|Any CPU
		{524779F2-E29E-4BA2-B346-BAA571729A1B}.AppStore|x64.Build.0 = Release|Any CPU
		{524779F2-E29E-4BA2-B346-BAA571729A1B}.AppStore|x64.Deploy.0 = Release|Any CPU
		{524779F2-E29E-4BA2-B346-BAA571729A1B}.AppStore|x86.ActiveCfg = Release|Any CPU
		{524779F2-E29E-4BA2-B346-BAA571729A1B}.AppStore|x86.Build.0 = Release|Any CPU
		{524779F2-E29E-4BA2-B346-BAA571729A1B}.AppStore|x86.Deploy.0 = Release|Any CPU
		{524779F2-E29E-4BA2-B346-BAA571729A1B}.Debug|Any CPU.ActiveCfg = Debug|Any CPU
		{524779F2-E29E-4BA2-B346-BAA571729A1B}.Debug|Any CPU.Build.0 = Debug|Any CPU
		{524779F2-E29E-4BA2-B346-BAA571729A1B}.Debug|Any CPU.Deploy.0 = Debug|Any CPU
		{524779F2-E29E-4BA2-B346-BAA571729A1B}.Debug|ARM.ActiveCfg = Debug|Any CPU
		{524779F2-E29E-4BA2-B346-BAA571729A1B}.Debug|ARM.Build.0 = Debug|Any CPU
		{524779F2-E29E-4BA2-B346-BAA571729A1B}.Debug|ARM.Deploy.0 = Debug|Any CPU
		{524779F2-E29E-4BA2-B346-BAA571729A1B}.Debug|iPhone.ActiveCfg = Debug|Any CPU
		{524779F2-E29E-4BA2-B346-BAA571729A1B}.Debug|iPhone.Build.0 = Debug|Any CPU
		{524779F2-E29E-4BA2-B346-BAA571729A1B}.Debug|iPhone.Deploy.0 = Debug|Any CPU
		{524779F2-E29E-4BA2-B346-BAA571729A1B}.Debug|iPhoneSimulator.ActiveCfg = Debug|Any CPU
		{524779F2-E29E-4BA2-B346-BAA571729A1B}.Debug|iPhoneSimulator.Build.0 = Debug|Any CPU
		{524779F2-E29E-4BA2-B346-BAA571729A1B}.Debug|iPhoneSimulator.Deploy.0 = Debug|Any CPU
		{524779F2-E29E-4BA2-B346-BAA571729A1B}.Debug|x64.ActiveCfg = Debug|Any CPU
		{524779F2-E29E-4BA2-B346-BAA571729A1B}.Debug|x64.Build.0 = Debug|Any CPU
		{524779F2-E29E-4BA2-B346-BAA571729A1B}.Debug|x64.Deploy.0 = Debug|Any CPU
		{524779F2-E29E-4BA2-B346-BAA571729A1B}.Debug|x86.ActiveCfg = Debug|Any CPU
		{524779F2-E29E-4BA2-B346-BAA571729A1B}.Debug|x86.Build.0 = Debug|Any CPU
		{524779F2-E29E-4BA2-B346-BAA571729A1B}.Debug|x86.Deploy.0 = Debug|Any CPU
		{524779F2-E29E-4BA2-B346-BAA571729A1B}.Release|Any CPU.ActiveCfg = Release|Any CPU
		{524779F2-E29E-4BA2-B346-BAA571729A1B}.Release|ARM.ActiveCfg = Release|Any CPU
		{524779F2-E29E-4BA2-B346-BAA571729A1B}.Release|ARM.Build.0 = Release|Any CPU
		{524779F2-E29E-4BA2-B346-BAA571729A1B}.Release|ARM.Deploy.0 = Release|Any CPU
		{524779F2-E29E-4BA2-B346-BAA571729A1B}.Release|iPhone.ActiveCfg = Release|Any CPU
		{524779F2-E29E-4BA2-B346-BAA571729A1B}.Release|iPhone.Build.0 = Release|Any CPU
		{524779F2-E29E-4BA2-B346-BAA571729A1B}.Release|iPhone.Deploy.0 = Release|Any CPU
		{524779F2-E29E-4BA2-B346-BAA571729A1B}.Release|iPhoneSimulator.ActiveCfg = Release|Any CPU
		{524779F2-E29E-4BA2-B346-BAA571729A1B}.Release|iPhoneSimulator.Build.0 = Release|Any CPU
		{524779F2-E29E-4BA2-B346-BAA571729A1B}.Release|iPhoneSimulator.Deploy.0 = Release|Any CPU
		{524779F2-E29E-4BA2-B346-BAA571729A1B}.Release|x64.ActiveCfg = Release|Any CPU
		{524779F2-E29E-4BA2-B346-BAA571729A1B}.Release|x64.Build.0 = Release|Any CPU
		{524779F2-E29E-4BA2-B346-BAA571729A1B}.Release|x64.Deploy.0 = Release|Any CPU
		{524779F2-E29E-4BA2-B346-BAA571729A1B}.Release|x86.ActiveCfg = Release|Any CPU
		{524779F2-E29E-4BA2-B346-BAA571729A1B}.Release|x86.Build.0 = Release|Any CPU
		{524779F2-E29E-4BA2-B346-BAA571729A1B}.Release|x86.Deploy.0 = Release|Any CPU
		{FA3C97AC-3E34-4566-A146-CE8B49669AC8}.Ad-Hoc|Any CPU.ActiveCfg = Ad-Hoc|iPhone
		{FA3C97AC-3E34-4566-A146-CE8B49669AC8}.Ad-Hoc|ARM.ActiveCfg = Ad-Hoc|iPhone
		{FA3C97AC-3E34-4566-A146-CE8B49669AC8}.Ad-Hoc|iPhone.ActiveCfg = Ad-Hoc|iPhone
		{FA3C97AC-3E34-4566-A146-CE8B49669AC8}.Ad-Hoc|iPhone.Build.0 = Ad-Hoc|iPhone
		{FA3C97AC-3E34-4566-A146-CE8B49669AC8}.Ad-Hoc|iPhoneSimulator.ActiveCfg = Ad-Hoc|iPhoneSimulator
		{FA3C97AC-3E34-4566-A146-CE8B49669AC8}.Ad-Hoc|iPhoneSimulator.Build.0 = Ad-Hoc|iPhoneSimulator
		{FA3C97AC-3E34-4566-A146-CE8B49669AC8}.Ad-Hoc|x64.ActiveCfg = Ad-Hoc|iPhone
		{FA3C97AC-3E34-4566-A146-CE8B49669AC8}.Ad-Hoc|x86.ActiveCfg = Ad-Hoc|iPhone
		{FA3C97AC-3E34-4566-A146-CE8B49669AC8}.AppStore|Any CPU.ActiveCfg = AppStore|iPhone
		{FA3C97AC-3E34-4566-A146-CE8B49669AC8}.AppStore|ARM.ActiveCfg = AppStore|iPhone
		{FA3C97AC-3E34-4566-A146-CE8B49669AC8}.AppStore|iPhone.ActiveCfg = AppStore|iPhone
		{FA3C97AC-3E34-4566-A146-CE8B49669AC8}.AppStore|iPhone.Build.0 = AppStore|iPhone
		{FA3C97AC-3E34-4566-A146-CE8B49669AC8}.AppStore|iPhoneSimulator.ActiveCfg = AppStore|iPhoneSimulator
		{FA3C97AC-3E34-4566-A146-CE8B49669AC8}.AppStore|iPhoneSimulator.Build.0 = AppStore|iPhoneSimulator
		{FA3C97AC-3E34-4566-A146-CE8B49669AC8}.AppStore|x64.ActiveCfg = AppStore|iPhone
		{FA3C97AC-3E34-4566-A146-CE8B49669AC8}.AppStore|x86.ActiveCfg = AppStore|iPhone
		{FA3C97AC-3E34-4566-A146-CE8B49669AC8}.Debug|Any CPU.ActiveCfg = Debug|iPhoneSimulator
		{FA3C97AC-3E34-4566-A146-CE8B49669AC8}.Debug|Any CPU.Build.0 = Debug|iPhoneSimulator
		{FA3C97AC-3E34-4566-A146-CE8B49669AC8}.Debug|Any CPU.Deploy.0 = Debug|iPhoneSimulator
		{FA3C97AC-3E34-4566-A146-CE8B49669AC8}.Debug|ARM.ActiveCfg = Debug|iPhone
		{FA3C97AC-3E34-4566-A146-CE8B49669AC8}.Debug|iPhone.ActiveCfg = Debug|iPhone
		{FA3C97AC-3E34-4566-A146-CE8B49669AC8}.Debug|iPhone.Build.0 = Debug|iPhone
		{FA3C97AC-3E34-4566-A146-CE8B49669AC8}.Debug|iPhoneSimulator.ActiveCfg = Debug|iPhoneSimulator
		{FA3C97AC-3E34-4566-A146-CE8B49669AC8}.Debug|iPhoneSimulator.Build.0 = Debug|iPhoneSimulator
		{FA3C97AC-3E34-4566-A146-CE8B49669AC8}.Debug|x64.ActiveCfg = Debug|iPhone
		{FA3C97AC-3E34-4566-A146-CE8B49669AC8}.Debug|x86.ActiveCfg = Debug|iPhone
		{FA3C97AC-3E34-4566-A146-CE8B49669AC8}.Release|Any CPU.ActiveCfg = Release|iPhone
		{FA3C97AC-3E34-4566-A146-CE8B49669AC8}.Release|ARM.ActiveCfg = Release|iPhone
		{FA3C97AC-3E34-4566-A146-CE8B49669AC8}.Release|iPhone.ActiveCfg = Release|iPhone
		{FA3C97AC-3E34-4566-A146-CE8B49669AC8}.Release|iPhone.Build.0 = Release|iPhone
		{FA3C97AC-3E34-4566-A146-CE8B49669AC8}.Release|iPhoneSimulator.ActiveCfg = Release|iPhoneSimulator
		{FA3C97AC-3E34-4566-A146-CE8B49669AC8}.Release|iPhoneSimulator.Build.0 = Release|iPhoneSimulator
		{FA3C97AC-3E34-4566-A146-CE8B49669AC8}.Release|x64.ActiveCfg = Release|iPhone
		{FA3C97AC-3E34-4566-A146-CE8B49669AC8}.Release|x86.ActiveCfg = Release|iPhone
		{48BCB86C-151B-4385-B315-317F434F4218}.Ad-Hoc|Any CPU.ActiveCfg = Release|x86
		{48BCB86C-151B-4385-B315-317F434F4218}.Ad-Hoc|Any CPU.Build.0 = Release|x86
		{48BCB86C-151B-4385-B315-317F434F4218}.Ad-Hoc|Any CPU.Deploy.0 = Release|x86
		{48BCB86C-151B-4385-B315-317F434F4218}.Ad-Hoc|ARM.ActiveCfg = Release|ARM
		{48BCB86C-151B-4385-B315-317F434F4218}.Ad-Hoc|ARM.Build.0 = Release|ARM
		{48BCB86C-151B-4385-B315-317F434F4218}.Ad-Hoc|ARM.Deploy.0 = Release|ARM
		{48BCB86C-151B-4385-B315-317F434F4218}.Ad-Hoc|iPhone.ActiveCfg = Release|x86
		{48BCB86C-151B-4385-B315-317F434F4218}.Ad-Hoc|iPhone.Build.0 = Release|x86
		{48BCB86C-151B-4385-B315-317F434F4218}.Ad-Hoc|iPhone.Deploy.0 = Release|x86
		{48BCB86C-151B-4385-B315-317F434F4218}.Ad-Hoc|iPhoneSimulator.ActiveCfg = Release|x86
		{48BCB86C-151B-4385-B315-317F434F4218}.Ad-Hoc|iPhoneSimulator.Build.0 = Release|x86
		{48BCB86C-151B-4385-B315-317F434F4218}.Ad-Hoc|iPhoneSimulator.Deploy.0 = Release|x86
		{48BCB86C-151B-4385-B315-317F434F4218}.Ad-Hoc|x64.ActiveCfg = Release|x64
		{48BCB86C-151B-4385-B315-317F434F4218}.Ad-Hoc|x64.Build.0 = Release|x64
		{48BCB86C-151B-4385-B315-317F434F4218}.Ad-Hoc|x64.Deploy.0 = Release|x64
		{48BCB86C-151B-4385-B315-317F434F4218}.Ad-Hoc|x86.ActiveCfg = Release|x86
		{48BCB86C-151B-4385-B315-317F434F4218}.Ad-Hoc|x86.Build.0 = Release|x86
		{48BCB86C-151B-4385-B315-317F434F4218}.Ad-Hoc|x86.Deploy.0 = Release|x86
		{48BCB86C-151B-4385-B315-317F434F4218}.AppStore|Any CPU.ActiveCfg = Release|x86
		{48BCB86C-151B-4385-B315-317F434F4218}.AppStore|Any CPU.Build.0 = Release|x86
		{48BCB86C-151B-4385-B315-317F434F4218}.AppStore|Any CPU.Deploy.0 = Release|x86
		{48BCB86C-151B-4385-B315-317F434F4218}.AppStore|ARM.ActiveCfg = Release|ARM
		{48BCB86C-151B-4385-B315-317F434F4218}.AppStore|ARM.Build.0 = Release|ARM
		{48BCB86C-151B-4385-B315-317F434F4218}.AppStore|ARM.Deploy.0 = Release|ARM
		{48BCB86C-151B-4385-B315-317F434F4218}.AppStore|iPhone.ActiveCfg = Release|x86
		{48BCB86C-151B-4385-B315-317F434F4218}.AppStore|iPhone.Build.0 = Release|x86
		{48BCB86C-151B-4385-B315-317F434F4218}.AppStore|iPhone.Deploy.0 = Release|x86
		{48BCB86C-151B-4385-B315-317F434F4218}.AppStore|iPhoneSimulator.ActiveCfg = Release|x86
		{48BCB86C-151B-4385-B315-317F434F4218}.AppStore|iPhoneSimulator.Build.0 = Release|x86
		{48BCB86C-151B-4385-B315-317F434F4218}.AppStore|iPhoneSimulator.Deploy.0 = Release|x86
		{48BCB86C-151B-4385-B315-317F434F4218}.AppStore|x64.ActiveCfg = Release|x64
		{48BCB86C-151B-4385-B315-317F434F4218}.AppStore|x64.Build.0 = Release|x64
		{48BCB86C-151B-4385-B315-317F434F4218}.AppStore|x64.Deploy.0 = Release|x64
		{48BCB86C-151B-4385-B315-317F434F4218}.AppStore|x86.ActiveCfg = Release|x86
		{48BCB86C-151B-4385-B315-317F434F4218}.AppStore|x86.Build.0 = Release|x86
		{48BCB86C-151B-4385-B315-317F434F4218}.AppStore|x86.Deploy.0 = Release|x86
		{48BCB86C-151B-4385-B315-317F434F4218}.Debug|Any CPU.ActiveCfg = Debug|x86
		{48BCB86C-151B-4385-B315-317F434F4218}.Debug|Any CPU.Build.0 = Debug|x86
		{48BCB86C-151B-4385-B315-317F434F4218}.Debug|Any CPU.Deploy.0 = Debug|x86
		{48BCB86C-151B-4385-B315-317F434F4218}.Debug|ARM.ActiveCfg = Debug|ARM
		{48BCB86C-151B-4385-B315-317F434F4218}.Debug|ARM.Build.0 = Debug|ARM
		{48BCB86C-151B-4385-B315-317F434F4218}.Debug|ARM.Deploy.0 = Debug|ARM
		{48BCB86C-151B-4385-B315-317F434F4218}.Debug|iPhone.ActiveCfg = Debug|x86
		{48BCB86C-151B-4385-B315-317F434F4218}.Debug|iPhoneSimulator.ActiveCfg = Debug|x86
		{48BCB86C-151B-4385-B315-317F434F4218}.Debug|x64.ActiveCfg = Debug|x64
		{48BCB86C-151B-4385-B315-317F434F4218}.Debug|x64.Build.0 = Debug|x64
		{48BCB86C-151B-4385-B315-317F434F4218}.Debug|x64.Deploy.0 = Debug|x64
		{48BCB86C-151B-4385-B315-317F434F4218}.Debug|x86.ActiveCfg = Debug|x86
		{48BCB86C-151B-4385-B315-317F434F4218}.Debug|x86.Build.0 = Debug|x86
		{48BCB86C-151B-4385-B315-317F434F4218}.Debug|x86.Deploy.0 = Debug|x86
		{48BCB86C-151B-4385-B315-317F434F4218}.Release|Any CPU.ActiveCfg = Release|x86
		{48BCB86C-151B-4385-B315-317F434F4218}.Release|ARM.ActiveCfg = Release|ARM
		{48BCB86C-151B-4385-B315-317F434F4218}.Release|ARM.Build.0 = Release|ARM
		{48BCB86C-151B-4385-B315-317F434F4218}.Release|ARM.Deploy.0 = Release|ARM
		{48BCB86C-151B-4385-B315-317F434F4218}.Release|iPhone.ActiveCfg = Release|x86
		{48BCB86C-151B-4385-B315-317F434F4218}.Release|iPhoneSimulator.ActiveCfg = Release|x86
		{48BCB86C-151B-4385-B315-317F434F4218}.Release|x64.ActiveCfg = Release|x64
		{48BCB86C-151B-4385-B315-317F434F4218}.Release|x64.Build.0 = Release|x64
		{48BCB86C-151B-4385-B315-317F434F4218}.Release|x64.Deploy.0 = Release|x64
		{48BCB86C-151B-4385-B315-317F434F4218}.Release|x86.ActiveCfg = Release|x86
		{48BCB86C-151B-4385-B315-317F434F4218}.Release|x86.Build.0 = Release|x86
		{48BCB86C-151B-4385-B315-317F434F4218}.Release|x86.Deploy.0 = Release|x86
	EndGlobalSection
	GlobalSection(SolutionProperties) = preSolution
		HideSolutionNode = FALSE
	EndGlobalSection
	GlobalSection(NestedProjects) = preSolution
		{980092DB-4DC0-49FA-A577-F6FC83B79F88} = {B2390FE8-170A-467A-B4F1-9939609BA01B}
		{524779F2-E29E-4BA2-B346-BAA571729A1B} = {B2390FE8-170A-467A-B4F1-9939609BA01B}
		{FA3C97AC-3E34-4566-A146-CE8B49669AC8} = {B2390FE8-170A-467A-B4F1-9939609BA01B}
		{48BCB86C-151B-4385-B315-317F434F4218} = {B2390FE8-170A-467A-B4F1-9939609BA01B}
	EndGlobalSection
	GlobalSection(ExtensibilityGlobals) = postSolution
		SolutionGuid = {5817F944-7ACB-4681-B3D6-32F6B0E2546B}
	EndGlobalSection
EndGlobal
