
Microsoft Visual Studio Solution File, Format Version 12.00
# Visual Studio 15
VisualStudioVersion = 15.0.26430.14
MinimumVisualStudioVersion = 10.0.40219.1
Project("{FAE04EC0-301F-11D3-BF4B-00C04F79EFBC}") = "FirebasePushSample", "FirebasePushSample.csproj", "{3CB6619F-44BE-439F-9119-0DB084FC9784}"
EndProject
Project("{FAE04EC0-301F-11D3-BF4B-00C04F79EFBC}") = "FirebasePushSample.Android", "..\FirebasePushSample.Android\FirebasePushSample.Android.csproj", "{524779F2-E29E-4BA2-B346-BAA571729A1B}"
EndProject
Project("{FAE04EC0-301F-11D3-BF4B-00C04F79EFBC}") = "FirebasePushSample.iOS", "..\FirebasePushSample.iOS\FirebasePushSample.iOS.csproj", "{FA3C97AC-3E34-4566-A146-CE8B49669AC8}"
EndProject
Global
	GlobalSection(SolutionConfigurationPlatforms) = preSolution
		Ad-Hoc|Any CPU = Ad-Hoc|Any CPU
		Ad-Hoc|iPhone = Ad-Hoc|iPhone
		Ad-Hoc|iPhoneSimulator = Ad-Hoc|iPhoneSimulator
		AppStore|Any CPU = AppStore|Any CPU
		AppStore|iPhone = AppStore|iPhone
		AppStore|iPhoneSimulator = AppStore|iPhoneSimulator
		Debug|Any CPU = Debug|Any CPU
		Debug|iPhone = Debug|iPhone
		Debug|iPhoneSimulator = Debug|iPhoneSimulator
		Release|Any CPU = Release|Any CPU
		Release|iPhone = Release|iPhone
		Release|iPhoneSimulator = Release|iPhoneSimulator
	EndGlobalSection
	GlobalSection(ProjectConfigurationPlatforms) = postSolution
		{3CB6619F-44BE-439F-9119-0DB084FC9784}.Ad-Hoc|Any CPU.ActiveCfg = Release|Any CPU
		{3CB6619F-44BE-439F-9119-0DB084FC9784}.Ad-Hoc|Any CPU.Build.0 = Release|Any CPU
		{3CB6619F-44BE-439F-9119-0DB084FC9784}.Ad-Hoc|iPhone.ActiveCfg = Release|Any CPU
		{3CB6619F-44BE-439F-9119-0DB084FC9784}.Ad-Hoc|iPhone.Build.0 = Release|Any CPU
		{3CB6619F-44BE-439F-9119-0DB084FC9784}.Ad-Hoc|iPhoneSimulator.ActiveCfg = Release|Any CPU
		{3CB6619F-44BE-439F-9119-0DB084FC9784}.Ad-Hoc|iPhoneSimulator.Build.0 = Release|Any CPU
		{3CB6619F-44BE-439F-9119-0DB084FC9784}.AppStore|Any CPU.ActiveCfg = Release|Any CPU
		{3CB6619F-44BE-439F-9119-0DB084FC9784}.AppStore|Any CPU.Build.0 = Release|Any CPU
		{3CB6619F-44BE-439F-9119-0DB084FC9784}.AppStore|iPhone.ActiveCfg = Release|Any CPU
		{3CB6619F-44BE-439F-9119-0DB084FC9784}.AppStore|iPhone.Build.0 = Release|Any CPU
		{3CB6619F-44BE-439F-9119-0DB084FC9784}.AppStore|iPhoneSimulator.ActiveCfg = Release|Any CPU
		{3CB6619F-44BE-439F-9119-0DB084FC9784}.AppStore|iPhoneSimulator.Build.0 = Release|Any CPU
		{3CB6619F-44BE-439F-9119-0DB084FC9784}.Debug|Any CPU.ActiveCfg = Debug|Any CPU
		{3CB6619F-44BE-439F-9119-0DB084FC9784}.Debug|Any CPU.Build.0 = Debug|Any CPU
		{3CB6619F-44BE-439F-9119-0DB084FC9784}.Debug|iPhone.ActiveCfg = Debug|Any CPU
		{3CB6619F-44BE-439F-9119-0DB084FC9784}.Debug|iPhone.Build.0 = Debug|Any CPU
		{3CB6619F-44BE-439F-9119-0DB084FC9784}.Debug|iPhoneSimulator.ActiveCfg = Debug|Any CPU
		{3CB6619F-44BE-439F-9119-0DB084FC9784}.Debug|iPhoneSimulator.Build.0 = Debug|Any CPU
		{3CB6619F-44BE-439F-9119-0DB084FC9784}.Release|Any CPU.ActiveCfg = Release|Any CPU
		{3CB6619F-44BE-439F-9119-0DB084FC9784}.Release|Any CPU.Build.0 = Release|Any CPU
		{3CB6619F-44BE-439F-9119-0DB084FC9784}.Release|iPhone.ActiveCfg = Release|Any CPU
		{3CB6619F-44BE-439F-9119-0DB084FC9784}.Release|iPhone.Build.0 = Release|Any CPU
		{3CB6619F-44BE-439F-9119-0DB084FC9784}.Release|iPhoneSimulator.ActiveCfg = Release|Any CPU
		{3CB6619F-44BE-439F-9119-0DB084FC9784}.Release|iPhoneSimulator.Build.0 = Release|Any CPU
		{524779F2-E29E-4BA2-B346-BAA571729A1B}.Ad-Hoc|Any CPU.ActiveCfg = Release|Any CPU
		{524779F2-E29E-4BA2-B346-BAA571729A1B}.Ad-Hoc|Any CPU.Build.0 = Release|Any CPU
		{524779F2-E29E-4BA2-B346-BAA571729A1B}.Ad-Hoc|Any CPU.Deploy.0 = Release|Any CPU
		{524779F2-E29E-4BA2-B346-BAA571729A1B}.Ad-Hoc|iPhone.ActiveCfg = Release|Any CPU
		{524779F2-E29E-4BA2-B346-BAA571729A1B}.Ad-Hoc|iPhone.Build.0 = Release|Any CPU
		{524779F2-E29E-4BA2-B346-BAA571729A1B}.Ad-Hoc|iPhone.Deploy.0 = Release|Any CPU
		{524779F2-E29E-4BA2-B346-BAA571729A1B}.Ad-Hoc|iPhoneSimulator.ActiveCfg = Release|Any CPU
		{524779F2-E29E-4BA2-B346-BAA571729A1B}.Ad-Hoc|iPhoneSimulator.Build.0 = Release|Any CPU
		{524779F2-E29E-4BA2-B346-BAA571729A1B}.Ad-Hoc|iPhoneSimulator.Deploy.0 = Release|Any CPU
		{524779F2-E29E-4BA2-B346-BAA571729A1B}.AppStore|Any CPU.ActiveCfg = Release|Any CPU
		{524779F2-E29E-4BA2-B346-BAA571729A1B}.AppStore|Any CPU.Build.0 = Release|Any CPU
		{524779F2-E29E-4BA2-B346-BAA571729A1B}.AppStore|Any CPU.Deploy.0 = Release|Any CPU
		{524779F2-E29E-4BA2-B346-BAA571729A1B}.AppStore|iPhone.ActiveCfg = Release|Any CPU
		{524779F2-E29E-4BA2-B346-BAA571729A1B}.AppStore|iPhone.Build.0 = Release|Any CPU
		{524779F2-E29E-4BA2-B346-BAA571729A1B}.AppStore|iPhone.Deploy.0 = Release|Any CPU
		{524779F2-E29E-4BA2-B346-BAA571729A1B}.AppStore|iPhoneSimulator.ActiveCfg = Release|Any CPU
		{524779F2-E29E-4BA2-B346-BAA571729A1B}.AppStore|iPhoneSimulator.Build.0 = Release|Any CPU
		{524779F2-E29E-4BA2-B346-BAA571729A1B}.AppStore|iPhoneSimulator.Deploy.0 = Release|Any CPU
		{524779F2-E29E-4BA2-B346-BAA571729A1B}.Debug|Any CPU.ActiveCfg = Debug|Any CPU
		{524779F2-E29E-4BA2-B346-BAA571729A1B}.Debug|Any CPU.Build.0 = Debug|Any CPU
		{524779F2-E29E-4BA2-B346-BAA571729A1B}.Debug|Any CPU.Deploy.0 = Debug|Any CPU
		{524779F2-E29E-4BA2-B346-BAA571729A1B}.Debug|iPhone.ActiveCfg = Debug|Any CPU
		{524779F2-E29E-4BA2-B346-BAA571729A1B}.Debug|iPhone.Build.0 = Debug|Any CPU
		{524779F2-E29E-4BA2-B346-BAA571729A1B}.Debug|iPhone.Deploy.0 = Debug|Any CPU
		{524779F2-E29E-4BA2-B346-BAA571729A1B}.Debug|iPhoneSimulator.ActiveCfg = Debug|Any CPU
		{524779F2-E29E-4BA2-B346-BAA571729A1B}.Debug|iPhoneSimulator.Build.0 = Debug|Any CPU
		{524779F2-E29E-4BA2-B346-BAA571729A1B}.Debug|iPhoneSimulator.Deploy.0 = Debug|Any CPU
		{524779F2-E29E-4BA2-B346-BAA571729A1B}.Release|Any CPU.ActiveCfg = Release|Any CPU
		{524779F2-E29E-4BA2-B346-BAA571729A1B}.Release|Any CPU.Build.0 = Release|Any CPU
		{524779F2-E29E-4BA2-B346-BAA571729A1B}.Release|Any CPU.Deploy.0 = Release|Any CPU
		{524779F2-E29E-4BA2-B346-BAA571729A1B}.Release|iPhone.ActiveCfg = Release|Any CPU
		{524779F2-E29E-4BA2-B346-BAA571729A1B}.Release|iPhone.Build.0 = Release|Any CPU
		{524779F2-E29E-4BA2-B346-BAA571729A1B}.Release|iPhone.Deploy.0 = Release|Any CPU
		{524779F2-E29E-4BA2-B346-BAA571729A1B}.Release|iPhoneSimulator.ActiveCfg = Release|Any CPU
		{524779F2-E29E-4BA2-B346-BAA571729A1B}.Release|iPhoneSimulator.Build.0 = Release|Any CPU
		{524779F2-E29E-4BA2-B346-BAA571729A1B}.Release|iPhoneSimulator.Deploy.0 = Release|Any CPU
		{FA3C97AC-3E34-4566-A146-CE8B49669AC8}.Ad-Hoc|Any CPU.ActiveCfg = Ad-Hoc|iPhone
		{FA3C97AC-3E34-4566-A146-CE8B49669AC8}.Ad-Hoc|iPhone.ActiveCfg = Ad-Hoc|iPhone
		{FA3C97AC-3E34-4566-A146-CE8B49669AC8}.Ad-Hoc|iPhone.Build.0 = Ad-Hoc|iPhone
		{FA3C97AC-3E34-4566-A146-CE8B49669AC8}.Ad-Hoc|iPhoneSimulator.ActiveCfg = Ad-Hoc|iPhoneSimulator
		{FA3C97AC-3E34-4566-A146-CE8B49669AC8}.Ad-Hoc|iPhoneSimulator.Build.0 = Ad-Hoc|iPhoneSimulator
		{FA3C97AC-3E34-4566-A146-CE8B49669AC8}.AppStore|Any CPU.ActiveCfg = AppStore|iPhone
		{FA3C97AC-3E34-4566-A146-CE8B49669AC8}.AppStore|iPhone.ActiveCfg = AppStore|iPhone
		{FA3C97AC-3E34-4566-A146-CE8B49669AC8}.AppStore|iPhone.Build.0 = AppStore|iPhone
		{FA3C97AC-3E34-4566-A146-CE8B49669AC8}.AppStore|iPhoneSimulator.ActiveCfg = AppStore|iPhoneSimulator
		{FA3C97AC-3E34-4566-A146-CE8B49669AC8}.AppStore|iPhoneSimulator.Build.0 = AppStore|iPhoneSimulator
		{FA3C97AC-3E34-4566-A146-CE8B49669AC8}.Debug|Any CPU.ActiveCfg = Debug|iPhone
		{FA3C97AC-3E34-4566-A146-CE8B49669AC8}.Debug|iPhone.ActiveCfg = Debug|iPhone
		{FA3C97AC-3E34-4566-A146-CE8B49669AC8}.Debug|iPhone.Build.0 = Debug|iPhone
		{FA3C97AC-3E34-4566-A146-CE8B49669AC8}.Debug|iPhoneSimulator.ActiveCfg = Debug|iPhoneSimulator
		{FA3C97AC-3E34-4566-A146-CE8B49669AC8}.Debug|iPhoneSimulator.Build.0 = Debug|iPhoneSimulator
		{FA3C97AC-3E34-4566-A146-CE8B49669AC8}.Release|Any CPU.ActiveCfg = Release|iPhone
		{FA3C97AC-3E34-4566-A146-CE8B49669AC8}.Release|iPhone.ActiveCfg = Release|iPhone
		{FA3C97AC-3E34-4566-A146-CE8B49669AC8}.Release|iPhone.Build.0 = Release|iPhone
		{FA3C97AC-3E34-4566-A146-CE8B49669AC8}.Release|iPhoneSimulator.ActiveCfg = Release|iPhoneSimulator
		{FA3C97AC-3E34-4566-A146-CE8B49669AC8}.Release|iPhoneSimulator.Build.0 = Release|iPhoneSimulator
	EndGlobalSection
	GlobalSection(SolutionProperties) = preSolution
		HideSolutionNode = FALSE
	EndGlobalSection
EndGlobal
